// !$*UTF8*$!
{
	archiveVersion = 1;
	classes = {
	};
	objectVersion = 46;
	objects = {

/* Begin PBXBuildFile section */
		0207DA581B56EA530066E2B4 /* Images.xcassets in Resources */ = {isa = PBXBuildFile; fileRef = 0207DA571B56EA530066E2B4 /* Images.xcassets */; };
		04A79F0D6DA747B69E3804A7 /* AddressBook.framework in Frameworks */ = {isa = PBXBuildFile; fileRef = 55AC129E4F94487E968CA187 /* AddressBook.framework */; };
		05DAAA2B202845F5A8CDAAA1 /* PushPlugin.m in Sources */ = {isa = PBXBuildFile; fileRef = 94229FA7F7284572842B608A /* PushPlugin.m */; };
		0A6952A050CE44C4BC67454C /* AppDelegate+notification.m in Sources */ = {isa = PBXBuildFile; fileRef = 10212EEA39964DE7A3897A7C /* AppDelegate+notification.m */; };
		0C70EAC58439435EA590B72C /* libsqlite3.tbd in Frameworks */ = {isa = PBXBuildFile; fileRef = 9EB8BA530DF34DC4BFBBD4C7 /* libsqlite3.tbd */; };
		0DDCA281469A430AA769203B /* libGGLCloudMessaging.a in Frameworks */ = {isa = PBXBuildFile; fileRef = 7C6DAB888CAD41AE8AF30007 /* libGGLCloudMessaging.a */; };
		1386AC8E4C574E5981C1FE70 /* libGSDK_Overload.a in Frameworks */ = {isa = PBXBuildFile; fileRef = 8AE17721466A442E9FFFDC47 /* libGSDK_Overload.a */; };
		1D3623260D0F684500981E51 /* AppDelegate.m in Sources */ = {isa = PBXBuildFile; fileRef = 1D3623250D0F684500981E51 /* AppDelegate.m */; };
		1D60589B0D05DD56006BFB54 /* main.m in Sources */ = {isa = PBXBuildFile; fileRef = 29B97316FDCFA39411CA2CEA /* main.m */; };
		22B393A0F3294E76BBF4D5A9 /* AudioToolbox.framework in Frameworks */ = {isa = PBXBuildFile; fileRef = FEDB11FE1502423A95B74A10 /* AudioToolbox.framework */; };
		22EA8CC536F343E39C859111 /* libGTM_DebugUtils.a in Frameworks */ = {isa = PBXBuildFile; fileRef = B69B55CF1A3D4DCEBF77E6BD /* libGTM_DebugUtils.a */; };
		263BAF887E504A57AB2DD60E /* SystemConfiguration.framework in Frameworks */ = {isa = PBXBuildFile; fileRef = 7CD56F832915439EABAC3268 /* SystemConfiguration.framework */; };
		2DDC8E6FB80A41B096A94142 /* WebKit.framework in Frameworks */ = {isa = PBXBuildFile; fileRef = 097491B549874303B496BFC7 /* WebKit.framework */; settings = {ATTRIBUTES = (Weak, ); }; };
		301BF552109A68D80062928A /* libCordova.a in Frameworks */ = {isa = PBXBuildFile; fileRef = 301BF535109A57CC0062928A /* libCordova.a */; };
		302D95F114D2391D003F00A1 /* MainViewController.m in Sources */ = {isa = PBXBuildFile; fileRef = 302D95EF14D2391D003F00A1 /* MainViewController.m */; };
		302D95F214D2391D003F00A1 /* MainViewController.xib in Resources */ = {isa = PBXBuildFile; fileRef = 302D95F014D2391D003F00A1 /* MainViewController.xib */; };
		3350A1BA08644F389F35B12C /* IonicKeyboard.m in Sources */ = {isa = PBXBuildFile; fileRef = 8D42FD7CEC3D415989480C81 /* IonicKeyboard.m */; };
		38BCCE2059E64431A83BFC6C /* libGTMSessionFetcher_core.a in Frameworks */ = {isa = PBXBuildFile; fileRef = 83DCDD01C35845A38E37B6A1 /* libGTMSessionFetcher_core.a */; };
		3C92F38F46484018B8C4D65E /* CDVPluginExt.m in Sources */ = {isa = PBXBuildFile; fileRef = D01EDBCE972A4A1FBF2E15C4 /* CDVPluginExt.m */; };
		3D8D5AB042EC47C18AE112C4 /* libGTM_NSDictionary+URLArguments.a in Frameworks */ = {isa = PBXBuildFile; fileRef = D3C59E2427D2415FB82CF542 /* libGTM_NSDictionary+URLArguments.a */; };
		4657980D7C0F4E27BCFC1457 /* libGGLCore.a in Frameworks */ = {isa = PBXBuildFile; fileRef = 6AE36A8874034406A6702F8A /* libGGLCore.a */; };
		4C4AE2F8499C4BCE9444034B /* StoreKit.framework in Frameworks */ = {isa = PBXBuildFile; fileRef = 6B5426DF1ED34108845F66E2 /* StoreKit.framework */; };
		4E58DA1D4A704A2A89C14FD0 /* UIWebViewExtension.m in Sources */ = {isa = PBXBuildFile; fileRef = C016BA29E15F4D609AF81139 /* UIWebViewExtension.m */; };
		4EBDDA3E32474169B6390EBF /* AVFoundation.framework in Frameworks */ = {isa = PBXBuildFile; fileRef = CDE19E2BB2894CE59A0C47B8 /* AVFoundation.framework */; };
		52C68B3236794D72B28D5658 /* CDVDevice.m in Sources */ = {isa = PBXBuildFile; fileRef = CF09D2BE3D95481DA09E0D4C /* CDVDevice.m */; };
		553F54FD2E4A475EBEDF5B0C /* ELCAssetTablePicker.xib in Resources */ = {isa = PBXBuildFile; fileRef = 80A36B0F9DBF4C408AF3D56E /* ELCAssetTablePicker.xib */; };
		56332C311B4F4CC7B7D2D804 /* Overlay.png in Resources */ = {isa = PBXBuildFile; fileRef = F2CA29E773C04D21BB33C985 /* Overlay.png */; };
		5A4CA2516DED4E29A12B866C /* libGTM_iPhone.a in Frameworks */ = {isa = PBXBuildFile; fileRef = 2920343BC0F14F03A6052856 /* libGTM_iPhone.a */; };
		5BBBE01780E7458AB6D08CB6 /* CDVWKWebViewEngine.m in Sources */ = {isa = PBXBuildFile; fileRef = 0580ECD64E324B149ACC772C /* CDVWKWebViewEngine.m */; };
		5C8246F9B6224D69AAB4ECF1 /* CDVSplashScreen.m in Sources */ = {isa = PBXBuildFile; fileRef = BF1C033DC61F452B80F296C8 /* CDVSplashScreen.m */; };
		5DFAA491C15843B1AA4D9531 /* libCordovaGenericAd.a in Frameworks */ = {isa = PBXBuildFile; fileRef = F393B72AC9AE4641A3ECFC92 /* libCordovaGenericAd.a */; };
		62CC55886E9848EAA9ABE73E /* APPEmailComposer.m in Sources */ = {isa = PBXBuildFile; fileRef = 20C6ECE23DE546D0A02DC9B2 /* APPEmailComposer.m */; };
		6F3231A8E4794C738FAA5121 /* ELCAsset.m in Sources */ = {isa = PBXBuildFile; fileRef = CD3DD52F410D4B498838485C /* ELCAsset.m */; };
		6F75568F15B24A328458E061 /* libGTM_SystemVersion.a in Frameworks */ = {isa = PBXBuildFile; fileRef = 6BDF8F3F42B2485596FB1354 /* libGTM_SystemVersion.a */; };
		6F94D41BA72B4F7FB24D24A2 /* libGTM_UIFont+LineHeight.a in Frameworks */ = {isa = PBXBuildFile; fileRef = 0AA69126113E42F5AC7F9674 /* libGTM_UIFont+LineHeight.a */; };
		728B547643C8419AB8D3CAE1 /* CDVNotification.bundle in Resources */ = {isa = PBXBuildFile; fileRef = 86EC261857024CEE8EAC2F77 /* CDVNotification.bundle */; };
		755AEBC9C81E4A8887DAF784 /* libGTM_GTMURLBuilder.a in Frameworks */ = {isa = PBXBuildFile; fileRef = 1C315287612C4D5CB5413B1B /* libGTM_GTMURLBuilder.a */; };
		7C20B25460E4467B97F82FA5 /* Foundation.framework in Frameworks */ = {isa = PBXBuildFile; fileRef = 20B01E3DE8254682BD5C76DA /* Foundation.framework */; };
		7D6FE6079B884959A28C273D /* CDVGlobalization.m in Sources */ = {isa = PBXBuildFile; fileRef = 44729C336F27405FA4E17EDF /* CDVGlobalization.m */; };
		7D91428E8591416AB96294A2 /* libGTM_Regex.a in Frameworks */ = {isa = PBXBuildFile; fileRef = C390B48E79BA402A8629A22B /* libGTM_Regex.a */; };
		7F87554660F543E68F7CFB3F /* CoreTelephony.framework in Frameworks */ = {isa = PBXBuildFile; fileRef = 2B0C02C99F9545D0AD975F23 /* CoreTelephony.framework */; };
		823047D9B8A24E0C972E0813 /* AdMobMediation.m in Sources */ = {isa = PBXBuildFile; fileRef = AF56C661EF174B749503757C /* AdMobMediation.m */; };
		82C508C7B1784AA48C8DB50A /* libGTM_NSStringHTML.a in Frameworks */ = {isa = PBXBuildFile; fileRef = 5C0169D55C274548AB72731E /* libGTM_NSStringHTML.a */; };
		88D0D02962E146ABBBC86D98 /* CDVViewController+SplashScreen.m in Sources */ = {isa = PBXBuildFile; fileRef = 47D70AA8F06E4D35905FD546 /* CDVViewController+SplashScreen.m */; };
		8D3146438DB143C6B8CB4FA0 /* AdSupport.framework in Frameworks */ = {isa = PBXBuildFile; fileRef = 24D95D4AA1D34144932E9189 /* AdSupport.framework */; };
		8FB117208E8843B489E300E0 /* SOSPicker.m in Sources */ = {isa = PBXBuildFile; fileRef = 47AE08E9CDF5432083230E02 /* SOSPicker.m */; };
		9097541CD46F4D199E0EF2B4 /* libGTM_StringEncoding.a in Frameworks */ = {isa = PBXBuildFile; fileRef = E76A02EED3F449BC813782FD /* libGTM_StringEncoding.a */; };
		99F630FE2E1546B6A05E21F2 /* UIKit.framework in Frameworks */ = {isa = PBXBuildFile; fileRef = AEAA1A80DDFA42EC94C7D692 /* UIKit.framework */; };
		9E14EAD354BB403B9BFA5F59 /* ELCImagePickerController.m in Sources */ = {isa = PBXBuildFile; fileRef = 24F4705284224CC3BEACA6C7 /* ELCImagePickerController.m */; };
		9E30CBF5A3974E45B8591F09 /* libProtocolBuffers.a in Frameworks */ = {isa = PBXBuildFile; fileRef = 991DA6BA88C5480BB5F52890 /* libProtocolBuffers.a */; };
		A793E6C582644CA6B13B5265 /* MessageUI.framework in Frameworks */ = {isa = PBXBuildFile; fileRef = FE33C0F2591D4E1FA7631EA5 /* MessageUI.framework */; };
		A8C8CE58B0564596B7F1DC93 /* libGTM_RoundedRectPath.a in Frameworks */ = {isa = PBXBuildFile; fileRef = 11DEC78B40AD4ED1B750232F /* libGTM_RoundedRectPath.a */; };
		A9D8F5A3129449739EED7CD4 /* GoogleMobileAds.framework in Frameworks */ = {isa = PBXBuildFile; fileRef = EBA0C728850F4D2097166E00 /* GoogleMobileAds.framework */; };
		AA4BE3B074BA4851A35EFF28 /* libGTM_NSScannerJSON.a in Frameworks */ = {isa = PBXBuildFile; fileRef = 8ED62C146EC5411A8C729504 /* libGTM_NSScannerJSON.a */; };
		AC56EBEDC6964F0AB2731878 /* libGTM_AddressBook.a in Frameworks */ = {isa = PBXBuildFile; fileRef = 77357583C7DE4AC895849A3F /* libGTM_AddressBook.a */; };
		ADAEDC8719ED46BAB508544E /* CDVWKWebViewUIDelegate.m in Sources */ = {isa = PBXBuildFile; fileRef = 6E175033D51345C7913C2597 /* CDVWKWebViewUIDelegate.m */; };
		B16E7D5AEFD644CF845D0E99 /* CDVNotification.m in Sources */ = {isa = PBXBuildFile; fileRef = 4286AD14983B466B8793D2BC /* CDVNotification.m */; };
		B674DA1833084BC69E2DB182 /* CoreLocation.framework in Frameworks */ = {isa = PBXBuildFile; fileRef = 6A94A5AEC24548948230ED7F /* CoreLocation.framework */; };
		B83A2DA26DE448E18A42FE20 /* libGTM_NSData+zlib.a in Frameworks */ = {isa = PBXBuildFile; fileRef = 2DBA55AF12404673AC138B28 /* libGTM_NSData+zlib.a */; };
		BCD56EC69814413A9FCAE731 /* CDVAdMobPlugin.m in Sources */ = {isa = PBXBuildFile; fileRef = C4ABFC842F854CA2AF432984 /* CDVAdMobPlugin.m */; };
		C0647475A8F843D38E789F14 /* ELCAlbumPickerController.m in Sources */ = {isa = PBXBuildFile; fileRef = F868286ECA844A2DBDC80782 /* ELCAlbumPickerController.m */; };
		C11AB1AC7D934E0C8AF5FFCD /* libGGLInstanceIDLib.a in Frameworks */ = {isa = PBXBuildFile; fileRef = 6EF4804D3BD14E3E8A47543D /* libGGLInstanceIDLib.a */; };
		C4FAEF8F5A9544C99EB9D200 /* libGTM_KVO.a in Frameworks */ = {isa = PBXBuildFile; fileRef = 03C51201F62A41E7B936110F /* libGTM_KVO.a */; };
		C80DF75805F042DA895447FC /* EventKitUI.framework in Frameworks */ = {isa = PBXBuildFile; fileRef = 44475384D79E407992A043F2 /* EventKitUI.framework */; };
		CDBA6F021B7C46568B28A5AF /* EventKit.framework in Frameworks */ = {isa = PBXBuildFile; fileRef = 854AF7A90F6E4295B999CD08 /* EventKit.framework */; };
		D0A00552F00447349BDBF60C /* QuartzCore.framework in Frameworks */ = {isa = PBXBuildFile; fileRef = D6C00CFD22334627BC7E3BD0 /* QuartzCore.framework */; };
		DA3E8D67FCB94545A0294AEE /* libGTM_core.a in Frameworks */ = {isa = PBXBuildFile; fileRef = 4B800F20383648A2A8B9EAE5 /* libGTM_core.a */; };
		DBB01047D4364EE8A6CE655E /* CDVInAppBrowser.m in Sources */ = {isa = PBXBuildFile; fileRef = 2139B1182B394DDA883C5AF0 /* CDVInAppBrowser.m */; };
		DF5D3664B848458D88C3A130 /* ELCAssetTablePicker.m in Sources */ = {isa = PBXBuildFile; fileRef = 4F0CA4B4C58043BDAEC16720 /* ELCAssetTablePicker.m */; };
		E0D5A027AFE34A498CC2CC2A /* CDVLogger.m in Sources */ = {isa = PBXBuildFile; fileRef = 886AEEA8F61045988AE81726 /* CDVLogger.m */; };
		E590F7EF7D7548E2ADAE717C /* Overlay@2x.png in Resources */ = {isa = PBXBuildFile; fileRef = F30CFC5DE73643708BBCA4DA /* Overlay@2x.png */; };
		E7E90EF2E98B498DA98DDAC2 /* libGTMSessionFetcher_full.a in Frameworks */ = {isa = PBXBuildFile; fileRef = 9132FC3D43D048A983D2EFA5 /* libGTMSessionFetcher_full.a */; };
		EA359D31D3754ADEBCCE56CB /* ELCAlbumPickerController.xib in Resources */ = {isa = PBXBuildFile; fileRef = C9C11F954ECB45F687AAC142 /* ELCAlbumPickerController.xib */; };
		EDFFFC3F9F334CB292124C17 /* libz.tbd in Frameworks */ = {isa = PBXBuildFile; fileRef = 2C8FA7F2E17E4487A0C80637 /* libz.tbd */; };
		EE183A0E49144E96AC741F93 /* ELCAssetCell.m in Sources */ = {isa = PBXBuildFile; fileRef = 07D73755867847DC95B3A284 /* ELCAssetCell.m */; };
		F0D4AB4DEE2F4A7E9FE219C8 /* CDVLocation.m in Sources */ = {isa = PBXBuildFile; fileRef = C1DBB7655C8748E9A2311869 /* CDVLocation.m */; };
		F16890F9FC414FD1A83741C5 /* libGcmLib.a in Frameworks */ = {isa = PBXBuildFile; fileRef = 94DE5120DC134CE2AD274AD8 /* libGcmLib.a */; };
		F58F70E2DF76422ABD72DD4A /* libGTMStackTrace.a in Frameworks */ = {isa = PBXBuildFile; fileRef = 7EB61C5297BA44CCB41A21D6 /* libGTMStackTrace.a */; };
		F5F80A6DE3F5400A85CA9976 /* libGTM_NSStringXML.a in Frameworks */ = {isa = PBXBuildFile; fileRef = 990AABB61A7E488581BF93AF /* libGTM_NSStringXML.a */; };
		F6DC1D24843E41E7A29E33BB /* ELCAssetPicker.xib in Resources */ = {isa = PBXBuildFile; fileRef = 053BEE50B7ED41EF9FCAC3E2 /* ELCAssetPicker.xib */; };
		FA7D4FF1EBAA46DCBEF8C78C /* libGIP_Reachability.a in Frameworks */ = {isa = PBXBuildFile; fileRef = 2C841D8A9AD24EEE9D10922D /* libGIP_Reachability.a */; };
/* End PBXBuildFile section */

/* Begin PBXContainerItemProxy section */
		301BF534109A57CC0062928A /* PBXContainerItemProxy */ = {
			isa = PBXContainerItemProxy;
			containerPortal = 301BF52D109A57CC0062928A /* CordovaLib.xcodeproj */;
			proxyType = 2;
			remoteGlobalIDString = D2AAC07E0554694100DB518D;
			remoteInfo = CordovaLib;
		};
		301BF550109A68C00062928A /* PBXContainerItemProxy */ = {
			isa = PBXContainerItemProxy;
			containerPortal = 301BF52D109A57CC0062928A /* CordovaLib.xcodeproj */;
			proxyType = 1;
			remoteGlobalIDString = D2AAC07D0554694100DB518D;
			remoteInfo = CordovaLib;
		};
/* End PBXContainerItemProxy section */

/* Begin PBXFileReference section */
		0207DA571B56EA530066E2B4 /* Images.xcassets */ = {isa = PBXFileReference; lastKnownFileType = folder.assetcatalog; name = Images.xcassets; path = SKOApp/Images.xcassets; sourceTree = SOURCE_ROOT; };
		03C51201F62A41E7B936110F /* libGTM_KVO.a */ = {isa = PBXFileReference; explicitFileType = undefined; fileEncoding = 9; includeInIndex = 0; lastKnownFileType = archive.ar; name = libGTM_KVO.a; path = "SKOApp/Plugins/phonegap-plugin-push/GCM/Libraries/libGTM_KVO.a"; sourceTree = "<group>"; };
		053BEE50B7ED41EF9FCAC3E2 /* ELCAssetPicker.xib */ = {isa = PBXFileReference; explicitFileType = undefined; fileEncoding = 9; includeInIndex = 0; lastKnownFileType = file.xib; path = ELCAssetPicker.xib; sourceTree = "<group>"; };
		0580ECD64E324B149ACC772C /* CDVWKWebViewEngine.m */ = {isa = PBXFileReference; explicitFileType = undefined; fileEncoding = 4; includeInIndex = 0; lastKnownFileType = sourcecode.c.objc; name = CDVWKWebViewEngine.m; path = "cordova-plugin-wkwebview-engine/CDVWKWebViewEngine.m"; sourceTree = "<group>"; };
		0592B8649AB048CD8156CBB9 /* GGLContext+CloudMessaging.h */ = {isa = PBXFileReference; explicitFileType = undefined; fileEncoding = 4; includeInIndex = 0; lastKnownFileType = sourcecode.c.h; name = "GGLContext+CloudMessaging.h"; path = "phonegap-plugin-push/GCM/Headers/GGLContext+CloudMessaging.h"; sourceTree = "<group>"; };
		0792A8245A454C9199A347D1 /* ELCAssetSelectionDelegate.h */ = {isa = PBXFileReference; explicitFileType = undefined; fileEncoding = 4; includeInIndex = 0; lastKnownFileType = sourcecode.c.h; name = ELCAssetSelectionDelegate.h; path = com.synconset.imagepicker/ELCAssetSelectionDelegate.h; sourceTree = "<group>"; };
		07D73755867847DC95B3A284 /* ELCAssetCell.m */ = {isa = PBXFileReference; explicitFileType = undefined; fileEncoding = 4; includeInIndex = 0; lastKnownFileType = sourcecode.c.objc; name = ELCAssetCell.m; path = com.synconset.imagepicker/ELCAssetCell.m; sourceTree = "<group>"; };
		097491B549874303B496BFC7 /* WebKit.framework */ = {isa = PBXFileReference; explicitFileType = undefined; fileEncoding = 9; includeInIndex = 0; lastKnownFileType = wrapper.framework; name = WebKit.framework; path = System/Library/Frameworks/WebKit.framework; sourceTree = SDKROOT; };
		0AA69126113E42F5AC7F9674 /* libGTM_UIFont+LineHeight.a */ = {isa = PBXFileReference; explicitFileType = undefined; fileEncoding = 9; includeInIndex = 0; lastKnownFileType = archive.ar; name = "libGTM_UIFont+LineHeight.a"; path = "SKOApp/Plugins/phonegap-plugin-push/GCM/Libraries/libGTM_UIFont+LineHeight.a"; sourceTree = "<group>"; };
		0D097A609225463E8B0FFF98 /* GCMService.h */ = {isa = PBXFileReference; explicitFileType = undefined; fileEncoding = 4; includeInIndex = 0; lastKnownFileType = sourcecode.c.h; name = GCMService.h; path = "phonegap-plugin-push/GCM/Headers/GCMService.h"; sourceTree = "<group>"; };
		10212EEA39964DE7A3897A7C /* AppDelegate+notification.m */ = {isa = PBXFileReference; explicitFileType = undefined; fileEncoding = 4; includeInIndex = 0; lastKnownFileType = sourcecode.c.objc; name = "AppDelegate+notification.m"; path = "phonegap-plugin-push/AppDelegate+notification.m"; sourceTree = "<group>"; };
		104EAC0341BD46E088674B12 /* GGLInstanceIDDelegate.h */ = {isa = PBXFileReference; explicitFileType = undefined; fileEncoding = 4; includeInIndex = 0; lastKnownFileType = sourcecode.c.h; name = GGLInstanceIDDelegate.h; path = "phonegap-plugin-push/GCM/Headers/GGLInstanceIDDelegate.h"; sourceTree = "<group>"; };
		11DEC78B40AD4ED1B750232F /* libGTM_RoundedRectPath.a */ = {isa = PBXFileReference; explicitFileType = undefined; fileEncoding = 9; includeInIndex = 0; lastKnownFileType = archive.ar; name = libGTM_RoundedRectPath.a; path = "SKOApp/Plugins/phonegap-plugin-push/GCM/Libraries/libGTM_RoundedRectPath.a"; sourceTree = "<group>"; };
		15B70BFEFAF244FEA3AA92A1 /* ELCImagePickerController.h */ = {isa = PBXFileReference; explicitFileType = undefined; fileEncoding = 4; includeInIndex = 0; lastKnownFileType = sourcecode.c.h; name = ELCImagePickerController.h; path = com.synconset.imagepicker/ELCImagePickerController.h; sourceTree = "<group>"; };
		1C315287612C4D5CB5413B1B /* libGTM_GTMURLBuilder.a */ = {isa = PBXFileReference; explicitFileType = undefined; fileEncoding = 9; includeInIndex = 0; lastKnownFileType = archive.ar; name = libGTM_GTMURLBuilder.a; path = "SKOApp/Plugins/phonegap-plugin-push/GCM/Libraries/libGTM_GTMURLBuilder.a"; sourceTree = "<group>"; };
		1D3623240D0F684500981E51 /* AppDelegate.h */ = {isa = PBXFileReference; fileEncoding = 4; lastKnownFileType = sourcecode.c.h; path = AppDelegate.h; sourceTree = "<group>"; };
		1D3623250D0F684500981E51 /* AppDelegate.m */ = {isa = PBXFileReference; fileEncoding = 4; lastKnownFileType = sourcecode.c.objc; path = AppDelegate.m; sourceTree = "<group>"; };
		1D6058910D05DD3D006BFB54 /* SKOApp.app */ = {isa = PBXFileReference; explicitFileType = wrapper.application; includeInIndex = 0; path = SKOApp.app; sourceTree = BUILT_PRODUCTS_DIR; };
		20B01E3DE8254682BD5C76DA /* Foundation.framework */ = {isa = PBXFileReference; explicitFileType = undefined; fileEncoding = 9; includeInIndex = 0; lastKnownFileType = wrapper.framework; name = Foundation.framework; path = System/Library/Frameworks/Foundation.framework; sourceTree = SDKROOT; };
		20C6ECE23DE546D0A02DC9B2 /* APPEmailComposer.m */ = {isa = PBXFileReference; explicitFileType = undefined; fileEncoding = 4; includeInIndex = 0; lastKnownFileType = sourcecode.c.objc; name = APPEmailComposer.m; path = "cordova-plugin-email/APPEmailComposer.m"; sourceTree = "<group>"; };
		2139B1182B394DDA883C5AF0 /* CDVInAppBrowser.m */ = {isa = PBXFileReference; explicitFileType = undefined; fileEncoding = 4; includeInIndex = 0; lastKnownFileType = sourcecode.c.objc; name = CDVInAppBrowser.m; path = "cordova-plugin-inappbrowser/CDVInAppBrowser.m"; sourceTree = "<group>"; };
		21652282DEB643A184B95D55 /* GGLInstanceIDConfig.h */ = {isa = PBXFileReference; explicitFileType = undefined; fileEncoding = 4; includeInIndex = 0; lastKnownFileType = sourcecode.c.h; name = GGLInstanceIDConfig.h; path = "phonegap-plugin-push/GCM/Headers/GGLInstanceIDConfig.h"; sourceTree = "<group>"; };
		21FC6A5120704346956AD41A /* GCMPubSub.h */ = {isa = PBXFileReference; explicitFileType = undefined; fileEncoding = 4; includeInIndex = 0; lastKnownFileType = sourcecode.c.h; name = GCMPubSub.h; path = "phonegap-plugin-push/GCM/Headers/GCMPubSub.h"; sourceTree = "<group>"; };
		24D95D4AA1D34144932E9189 /* AdSupport.framework */ = {isa = PBXFileReference; explicitFileType = undefined; fileEncoding = 9; includeInIndex = 0; lastKnownFileType = wrapper.framework; name = AdSupport.framework; path = System/Library/Frameworks/AdSupport.framework; sourceTree = SDKROOT; };
		24F4705284224CC3BEACA6C7 /* ELCImagePickerController.m */ = {isa = PBXFileReference; explicitFileType = undefined; fileEncoding = 4; includeInIndex = 0; lastKnownFileType = sourcecode.c.objc; name = ELCImagePickerController.m; path = com.synconset.imagepicker/ELCImagePickerController.m; sourceTree = "<group>"; };
		2920343BC0F14F03A6052856 /* libGTM_iPhone.a */ = {isa = PBXFileReference; explicitFileType = undefined; fileEncoding = 9; includeInIndex = 0; lastKnownFileType = archive.ar; name = libGTM_iPhone.a; path = "SKOApp/Plugins/phonegap-plugin-push/GCM/Libraries/libGTM_iPhone.a"; sourceTree = "<group>"; };
		29B97316FDCFA39411CA2CEA /* main.m */ = {isa = PBXFileReference; fileEncoding = 4; lastKnownFileType = sourcecode.c.objc; path = main.m; sourceTree = "<group>"; };
		2B0C02C99F9545D0AD975F23 /* CoreTelephony.framework */ = {isa = PBXFileReference; explicitFileType = undefined; fileEncoding = 9; includeInIndex = 0; lastKnownFileType = wrapper.framework; name = CoreTelephony.framework; path = System/Library/Frameworks/CoreTelephony.framework; sourceTree = SDKROOT; };
		2C841D8A9AD24EEE9D10922D /* libGIP_Reachability.a */ = {isa = PBXFileReference; explicitFileType = undefined; fileEncoding = 9; includeInIndex = 0; lastKnownFileType = archive.ar; name = libGIP_Reachability.a; path = "SKOApp/Plugins/phonegap-plugin-push/GCM/Libraries/libGIP_Reachability.a"; sourceTree = "<group>"; };
		2C8FA7F2E17E4487A0C80637 /* libz.tbd */ = {isa = PBXFileReference; explicitFileType = undefined; fileEncoding = 9; includeInIndex = 0; lastKnownFileType = unknown; path = libz.tbd; sourceTree = "<group>"; };
		2DBA55AF12404673AC138B28 /* libGTM_NSData+zlib.a */ = {isa = PBXFileReference; explicitFileType = undefined; fileEncoding = 9; includeInIndex = 0; lastKnownFileType = archive.ar; name = "libGTM_NSData+zlib.a"; path = "SKOApp/Plugins/phonegap-plugin-push/GCM/Libraries/libGTM_NSData+zlib.a"; sourceTree = "<group>"; };
		2E4A0DD95E594BD2BE5132F9 /* CDVWKWebViewUIDelegate.h */ = {isa = PBXFileReference; explicitFileType = undefined; fileEncoding = 4; includeInIndex = 0; lastKnownFileType = sourcecode.c.h; name = CDVWKWebViewUIDelegate.h; path = "cordova-plugin-wkwebview-engine/CDVWKWebViewUIDelegate.h"; sourceTree = "<group>"; };
		301BF52D109A57CC0062928A /* CordovaLib.xcodeproj */ = {isa = PBXFileReference; lastKnownFileType = "wrapper.pb-project"; name = CordovaLib.xcodeproj; path = CordovaLib/CordovaLib.xcodeproj; sourceTree = "<group>"; };
		301BF56E109A69640062928A /* www */ = {isa = PBXFileReference; lastKnownFileType = folder; path = www; sourceTree = SOURCE_ROOT; };
		302D95EE14D2391D003F00A1 /* MainViewController.h */ = {isa = PBXFileReference; fileEncoding = 4; lastKnownFileType = sourcecode.c.h; path = MainViewController.h; sourceTree = "<group>"; };
		302D95EF14D2391D003F00A1 /* MainViewController.m */ = {isa = PBXFileReference; fileEncoding = 4; lastKnownFileType = sourcecode.c.objc; path = MainViewController.m; sourceTree = "<group>"; };
		302D95F014D2391D003F00A1 /* MainViewController.xib */ = {isa = PBXFileReference; fileEncoding = 4; lastKnownFileType = file.xib; path = MainViewController.xib; sourceTree = "<group>"; };
		3047A50F1AB8059700498E2A /* build-debug.xcconfig */ = {isa = PBXFileReference; fileEncoding = 4; lastKnownFileType = text.xcconfig; name = "build-debug.xcconfig"; path = "cordova/build-debug.xcconfig"; sourceTree = SOURCE_ROOT; };
		3047A5101AB8059700498E2A /* build-release.xcconfig */ = {isa = PBXFileReference; fileEncoding = 4; lastKnownFileType = text.xcconfig; name = "build-release.xcconfig"; path = "cordova/build-release.xcconfig"; sourceTree = SOURCE_ROOT; };
		3047A5111AB8059700498E2A /* build.xcconfig */ = {isa = PBXFileReference; fileEncoding = 4; lastKnownFileType = text.xcconfig; name = build.xcconfig; path = cordova/build.xcconfig; sourceTree = SOURCE_ROOT; };
		32CA4F630368D1EE00C91783 /* SKOApp-Prefix.pch */ = {isa = PBXFileReference; fileEncoding = 4; lastKnownFileType = sourcecode.c.h; path = "SKOApp-Prefix.pch"; sourceTree = "<group>"; };
		3528B0A068C04F6E9DC7E057 /* CDVNotification.h */ = {isa = PBXFileReference; explicitFileType = undefined; fileEncoding = 4; includeInIndex = 0; lastKnownFileType = sourcecode.c.h; name = CDVNotification.h; path = "cordova-plugin-dialogs/CDVNotification.h"; sourceTree = "<group>"; };
		4286AD14983B466B8793D2BC /* CDVNotification.m */ = {isa = PBXFileReference; explicitFileType = undefined; fileEncoding = 4; includeInIndex = 0; lastKnownFileType = sourcecode.c.objc; name = CDVNotification.m; path = "cordova-plugin-dialogs/CDVNotification.m"; sourceTree = "<group>"; };
		44475384D79E407992A043F2 /* EventKitUI.framework */ = {isa = PBXFileReference; explicitFileType = undefined; fileEncoding = 9; includeInIndex = 0; lastKnownFileType = wrapper.framework; name = EventKitUI.framework; path = System/Library/Frameworks/EventKitUI.framework; sourceTree = SDKROOT; };
		44505B7B57DF4B2398C9BDB2 /* ELCAsset.h */ = {isa = PBXFileReference; explicitFileType = undefined; fileEncoding = 4; includeInIndex = 0; lastKnownFileType = sourcecode.c.h; name = ELCAsset.h; path = com.synconset.imagepicker/ELCAsset.h; sourceTree = "<group>"; };
		44729C336F27405FA4E17EDF /* CDVGlobalization.m */ = {isa = PBXFileReference; explicitFileType = undefined; fileEncoding = 4; includeInIndex = 0; lastKnownFileType = sourcecode.c.objc; name = CDVGlobalization.m; path = "cordova-plugin-globalization/CDVGlobalization.m"; sourceTree = "<group>"; };
		47AE08E9CDF5432083230E02 /* SOSPicker.m */ = {isa = PBXFileReference; explicitFileType = undefined; fileEncoding = 4; includeInIndex = 0; lastKnownFileType = sourcecode.c.objc; name = SOSPicker.m; path = com.synconset.imagepicker/SOSPicker.m; sourceTree = "<group>"; };
		47D70AA8F06E4D35905FD546 /* CDVViewController+SplashScreen.m */ = {isa = PBXFileReference; explicitFileType = undefined; fileEncoding = 4; includeInIndex = 0; lastKnownFileType = sourcecode.c.objc; name = "CDVViewController+SplashScreen.m"; path = "cordova-plugin-splashscreen/CDVViewController+SplashScreen.m"; sourceTree = "<group>"; };
		4B800F20383648A2A8B9EAE5 /* libGTM_core.a */ = {isa = PBXFileReference; explicitFileType = undefined; fileEncoding = 9; includeInIndex = 0; lastKnownFileType = archive.ar; name = libGTM_core.a; path = "SKOApp/Plugins/phonegap-plugin-push/GCM/Libraries/libGTM_core.a"; sourceTree = "<group>"; };
		4DCBF201EF794A249CF2D5AE /* CDVLogger.h */ = {isa = PBXFileReference; explicitFileType = undefined; fileEncoding = 4; includeInIndex = 0; lastKnownFileType = sourcecode.c.h; name = CDVLogger.h; path = "cordova-plugin-console/CDVLogger.h"; sourceTree = "<group>"; };
		4DD9B84765BD4DE19886758F /* CDVWKWebViewEngine.h */ = {isa = PBXFileReference; explicitFileType = undefined; fileEncoding = 4; includeInIndex = 0; lastKnownFileType = sourcecode.c.h; name = CDVWKWebViewEngine.h; path = "cordova-plugin-wkwebview-engine/CDVWKWebViewEngine.h"; sourceTree = "<group>"; };
		4E835E046FD646809437D80D /* CDVInAppBrowser.h */ = {isa = PBXFileReference; explicitFileType = undefined; fileEncoding = 4; includeInIndex = 0; lastKnownFileType = sourcecode.c.h; name = CDVInAppBrowser.h; path = "cordova-plugin-inappbrowser/CDVInAppBrowser.h"; sourceTree = "<group>"; };
		4F0CA4B4C58043BDAEC16720 /* ELCAssetTablePicker.m */ = {isa = PBXFileReference; explicitFileType = undefined; fileEncoding = 4; includeInIndex = 0; lastKnownFileType = sourcecode.c.objc; name = ELCAssetTablePicker.m; path = com.synconset.imagepicker/ELCAssetTablePicker.m; sourceTree = "<group>"; };
		54FF360F5FFF476EBEA21B9D /* CDVViewController+SplashScreen.h */ = {isa = PBXFileReference; explicitFileType = undefined; fileEncoding = 4; includeInIndex = 0; lastKnownFileType = sourcecode.c.h; name = "CDVViewController+SplashScreen.h"; path = "cordova-plugin-splashscreen/CDVViewController+SplashScreen.h"; sourceTree = "<group>"; };
		55AC129E4F94487E968CA187 /* AddressBook.framework */ = {isa = PBXFileReference; explicitFileType = undefined; fileEncoding = 9; includeInIndex = 0; lastKnownFileType = wrapper.framework; name = AddressBook.framework; path = System/Library/Frameworks/AddressBook.framework; sourceTree = SDKROOT; };
		5886BC01B5E246F09E7E2A40 /* PushPlugin.h */ = {isa = PBXFileReference; explicitFileType = undefined; fileEncoding = 4; includeInIndex = 0; lastKnownFileType = sourcecode.c.h; name = PushPlugin.h; path = "phonegap-plugin-push/PushPlugin.h"; sourceTree = "<group>"; };
		5C0169D55C274548AB72731E /* libGTM_NSStringHTML.a */ = {isa = PBXFileReference; explicitFileType = undefined; fileEncoding = 9; includeInIndex = 0; lastKnownFileType = archive.ar; name = libGTM_NSStringHTML.a; path = "SKOApp/Plugins/phonegap-plugin-push/GCM/Libraries/libGTM_NSStringHTML.a"; sourceTree = "<group>"; };
		669B34D2A16C4FB2BB5DAB95 /* CDVPluginExt.h */ = {isa = PBXFileReference; explicitFileType = undefined; fileEncoding = 4; includeInIndex = 0; lastKnownFileType = sourcecode.c.h; name = CDVPluginExt.h; path = "cordova-plugin-extension/CDVPluginExt.h"; sourceTree = "<group>"; };
		6736F0DB14674314B7857798 /* GCMReceiverDelegate.h */ = {isa = PBXFileReference; explicitFileType = undefined; fileEncoding = 4; includeInIndex = 0; lastKnownFileType = sourcecode.c.h; name = GCMReceiverDelegate.h; path = "phonegap-plugin-push/GCM/Headers/GCMReceiverDelegate.h"; sourceTree = "<group>"; };
		683B10520EBB4CD0B002266D /* AppDelegate+notification.h */ = {isa = PBXFileReference; explicitFileType = undefined; fileEncoding = 4; includeInIndex = 0; lastKnownFileType = sourcecode.c.h; name = "AppDelegate+notification.h"; path = "phonegap-plugin-push/AppDelegate+notification.h"; sourceTree = "<group>"; };
		6A94A5AEC24548948230ED7F /* CoreLocation.framework */ = {isa = PBXFileReference; explicitFileType = undefined; fileEncoding = 9; includeInIndex = 0; lastKnownFileType = wrapper.framework; name = CoreLocation.framework; path = System/Library/Frameworks/CoreLocation.framework; sourceTree = SDKROOT; };
		6AE36A8874034406A6702F8A /* libGGLCore.a */ = {isa = PBXFileReference; explicitFileType = undefined; fileEncoding = 9; includeInIndex = 0; lastKnownFileType = archive.ar; name = libGGLCore.a; path = "SKOApp/Plugins/phonegap-plugin-push/GCM/Libraries/libGGLCore.a"; sourceTree = "<group>"; };
		6B5426DF1ED34108845F66E2 /* StoreKit.framework */ = {isa = PBXFileReference; explicitFileType = undefined; fileEncoding = 9; includeInIndex = 0; lastKnownFileType = wrapper.framework; name = StoreKit.framework; path = System/Library/Frameworks/StoreKit.framework; sourceTree = SDKROOT; };
		6BDF8F3F42B2485596FB1354 /* libGTM_SystemVersion.a */ = {isa = PBXFileReference; explicitFileType = undefined; fileEncoding = 9; includeInIndex = 0; lastKnownFileType = archive.ar; name = libGTM_SystemVersion.a; path = "SKOApp/Plugins/phonegap-plugin-push/GCM/Libraries/libGTM_SystemVersion.a"; sourceTree = "<group>"; };
		6E175033D51345C7913C2597 /* CDVWKWebViewUIDelegate.m */ = {isa = PBXFileReference; explicitFileType = undefined; fileEncoding = 4; includeInIndex = 0; lastKnownFileType = sourcecode.c.objc; name = CDVWKWebViewUIDelegate.m; path = "cordova-plugin-wkwebview-engine/CDVWKWebViewUIDelegate.m"; sourceTree = "<group>"; };
		6EF4804D3BD14E3E8A47543D /* libGGLInstanceIDLib.a */ = {isa = PBXFileReference; explicitFileType = undefined; fileEncoding = 9; includeInIndex = 0; lastKnownFileType = archive.ar; name = libGGLInstanceIDLib.a; path = "SKOApp/Plugins/phonegap-plugin-push/GCM/Libraries/libGGLInstanceIDLib.a"; sourceTree = "<group>"; };
		77357583C7DE4AC895849A3F /* libGTM_AddressBook.a */ = {isa = PBXFileReference; explicitFileType = undefined; fileEncoding = 9; includeInIndex = 0; lastKnownFileType = archive.ar; name = libGTM_AddressBook.a; path = "SKOApp/Plugins/phonegap-plugin-push/GCM/Libraries/libGTM_AddressBook.a"; sourceTree = "<group>"; };
		7A705CD8D5E046C284D0EE27 /* Core.h */ = {isa = PBXFileReference; explicitFileType = undefined; fileEncoding = 4; includeInIndex = 0; lastKnownFileType = sourcecode.c.h; name = Core.h; path = "phonegap-plugin-push/GCM/Headers/Core.h"; sourceTree = "<group>"; };
		7C6DAB888CAD41AE8AF30007 /* libGGLCloudMessaging.a */ = {isa = PBXFileReference; explicitFileType = undefined; fileEncoding = 9; includeInIndex = 0; lastKnownFileType = archive.ar; name = libGGLCloudMessaging.a; path = "SKOApp/Plugins/phonegap-plugin-push/GCM/Libraries/libGGLCloudMessaging.a"; sourceTree = "<group>"; };
		7CD56F832915439EABAC3268 /* SystemConfiguration.framework */ = {isa = PBXFileReference; explicitFileType = undefined; fileEncoding = 9; includeInIndex = 0; lastKnownFileType = wrapper.framework; name = SystemConfiguration.framework; path = System/Library/Frameworks/SystemConfiguration.framework; sourceTree = SDKROOT; };
		7EB61C5297BA44CCB41A21D6 /* libGTMStackTrace.a */ = {isa = PBXFileReference; explicitFileType = undefined; fileEncoding = 9; includeInIndex = 0; lastKnownFileType = archive.ar; name = libGTMStackTrace.a; path = "SKOApp/Plugins/phonegap-plugin-push/GCM/Libraries/libGTMStackTrace.a"; sourceTree = "<group>"; };
		80A36B0F9DBF4C408AF3D56E /* ELCAssetTablePicker.xib */ = {isa = PBXFileReference; explicitFileType = undefined; fileEncoding = 9; includeInIndex = 0; lastKnownFileType = file.xib; path = ELCAssetTablePicker.xib; sourceTree = "<group>"; };
		815333D83E104DCCA4612D04 /* CDVAdMobPlugin.h */ = {isa = PBXFileReference; explicitFileType = undefined; fileEncoding = 4; includeInIndex = 0; lastKnownFileType = sourcecode.c.h; name = CDVAdMobPlugin.h; path = "cordova-plugin-admobpro/CDVAdMobPlugin.h"; sourceTree = "<group>"; };
		8333214DAB6C4FE785864C93 /* GGLContext.h */ = {isa = PBXFileReference; explicitFileType = undefined; fileEncoding = 4; includeInIndex = 0; lastKnownFileType = sourcecode.c.h; name = GGLContext.h; path = "phonegap-plugin-push/GCM/Headers/GGLContext.h"; sourceTree = "<group>"; };
		83DCDD01C35845A38E37B6A1 /* libGTMSessionFetcher_core.a */ = {isa = PBXFileReference; explicitFileType = undefined; fileEncoding = 9; includeInIndex = 0; lastKnownFileType = archive.ar; name = libGTMSessionFetcher_core.a; path = "SKOApp/Plugins/phonegap-plugin-push/GCM/Libraries/libGTMSessionFetcher_core.a"; sourceTree = "<group>"; };
		854AF7A90F6E4295B999CD08 /* EventKit.framework */ = {isa = PBXFileReference; explicitFileType = undefined; fileEncoding = 9; includeInIndex = 0; lastKnownFileType = wrapper.framework; name = EventKit.framework; path = System/Library/Frameworks/EventKit.framework; sourceTree = SDKROOT; };
		86EC261857024CEE8EAC2F77 /* CDVNotification.bundle */ = {isa = PBXFileReference; explicitFileType = undefined; fileEncoding = 9; includeInIndex = 0; lastKnownFileType = "wrapper.plug-in"; path = CDVNotification.bundle; sourceTree = "<group>"; };
		87CF6320180C475DB55DFB3A /* UIWebViewExtension.h */ = {isa = PBXFileReference; explicitFileType = undefined; fileEncoding = 4; includeInIndex = 0; lastKnownFileType = sourcecode.c.h; name = UIWebViewExtension.h; path = "ionic-plugin-keyboard/UIWebViewExtension.h"; sourceTree = "<group>"; };
		886AEEA8F61045988AE81726 /* CDVLogger.m */ = {isa = PBXFileReference; explicitFileType = undefined; fileEncoding = 4; includeInIndex = 0; lastKnownFileType = sourcecode.c.objc; name = CDVLogger.m; path = "cordova-plugin-console/CDVLogger.m"; sourceTree = "<group>"; };
		8950CA965A4547848514A3B3 /* GenericAdPlugin.h */ = {isa = PBXFileReference; explicitFileType = undefined; fileEncoding = 4; includeInIndex = 0; lastKnownFileType = sourcecode.c.h; name = GenericAdPlugin.h; path = "cordova-plugin-extension/GenericAdPlugin.h"; sourceTree = "<group>"; };
		8AE17721466A442E9FFFDC47 /* libGSDK_Overload.a */ = {isa = PBXFileReference; explicitFileType = undefined; fileEncoding = 9; includeInIndex = 0; lastKnownFileType = archive.ar; name = libGSDK_Overload.a; path = "SKOApp/Plugins/phonegap-plugin-push/GCM/Libraries/libGSDK_Overload.a"; sourceTree = "<group>"; };
		8D1107310486CEB800E47090 /* SKOApp-Info.plist */ = {isa = PBXFileReference; fileEncoding = 4; lastKnownFileType = text.plist.xml; name = "SKOApp-Info.plist"; path = "SKOApp/SKOApp-Info.plist"; plistStructureDefinitionIdentifier = "com.apple.xcode.plist.structure-definition.iphone.info-plist"; sourceTree = SOURCE_ROOT; };
		8D42FD7CEC3D415989480C81 /* IonicKeyboard.m */ = {isa = PBXFileReference; explicitFileType = undefined; fileEncoding = 4; includeInIndex = 0; lastKnownFileType = sourcecode.c.objc; name = IonicKeyboard.m; path = "ionic-plugin-keyboard/IonicKeyboard.m"; sourceTree = "<group>"; };
		8ED62C146EC5411A8C729504 /* libGTM_NSScannerJSON.a */ = {isa = PBXFileReference; explicitFileType = undefined; fileEncoding = 9; includeInIndex = 0; lastKnownFileType = archive.ar; name = libGTM_NSScannerJSON.a; path = "SKOApp/Plugins/phonegap-plugin-push/GCM/Libraries/libGTM_NSScannerJSON.a"; sourceTree = "<group>"; };
		9132FC3D43D048A983D2EFA5 /* libGTMSessionFetcher_full.a */ = {isa = PBXFileReference; explicitFileType = undefined; fileEncoding = 9; includeInIndex = 0; lastKnownFileType = archive.ar; name = libGTMSessionFetcher_full.a; path = "SKOApp/Plugins/phonegap-plugin-push/GCM/Libraries/libGTMSessionFetcher_full.a"; sourceTree = "<group>"; };
		94229FA7F7284572842B608A /* PushPlugin.m */ = {isa = PBXFileReference; explicitFileType = undefined; fileEncoding = 4; includeInIndex = 0; lastKnownFileType = sourcecode.c.objc; name = PushPlugin.m; path = "phonegap-plugin-push/PushPlugin.m"; sourceTree = "<group>"; };
		94DE5120DC134CE2AD274AD8 /* libGcmLib.a */ = {isa = PBXFileReference; explicitFileType = undefined; fileEncoding = 9; includeInIndex = 0; lastKnownFileType = archive.ar; name = libGcmLib.a; path = "SKOApp/Plugins/phonegap-plugin-push/GCM/Libraries/libGcmLib.a"; sourceTree = "<group>"; };
		990AABB61A7E488581BF93AF /* libGTM_NSStringXML.a */ = {isa = PBXFileReference; explicitFileType = undefined; fileEncoding = 9; includeInIndex = 0; lastKnownFileType = archive.ar; name = libGTM_NSStringXML.a; path = "SKOApp/Plugins/phonegap-plugin-push/GCM/Libraries/libGTM_NSStringXML.a"; sourceTree = "<group>"; };
		991DA6BA88C5480BB5F52890 /* libProtocolBuffers.a */ = {isa = PBXFileReference; explicitFileType = undefined; fileEncoding = 9; includeInIndex = 0; lastKnownFileType = archive.ar; name = libProtocolBuffers.a; path = "SKOApp/Plugins/phonegap-plugin-push/GCM/Libraries/libProtocolBuffers.a"; sourceTree = "<group>"; };
		9EB8BA530DF34DC4BFBBD4C7 /* libsqlite3.tbd */ = {isa = PBXFileReference; explicitFileType = undefined; fileEncoding = 9; includeInIndex = 0; lastKnownFileType = unknown; path = libsqlite3.tbd; sourceTree = "<group>"; };
		A6A50CDB695E4569BBAB1B3B /* PluginAdapterDelegate.h */ = {isa = PBXFileReference; explicitFileType = undefined; fileEncoding = 4; includeInIndex = 0; lastKnownFileType = sourcecode.c.h; name = PluginAdapterDelegate.h; path = "cordova-plugin-extension/PluginAdapterDelegate.h"; sourceTree = "<group>"; };
		A9B438D1306243819D2C7A0A /* GGLInstanceID.h */ = {isa = PBXFileReference; explicitFileType = undefined; fileEncoding = 4; includeInIndex = 0; lastKnownFileType = sourcecode.c.h; name = GGLInstanceID.h; path = "phonegap-plugin-push/GCM/Headers/GGLInstanceID.h"; sourceTree = "<group>"; };
		AEAA1A80DDFA42EC94C7D692 /* UIKit.framework */ = {isa = PBXFileReference; explicitFileType = undefined; fileEncoding = 9; includeInIndex = 0; lastKnownFileType = wrapper.framework; name = UIKit.framework; path = System/Library/Frameworks/UIKit.framework; sourceTree = SDKROOT; };
		AEB7D7A68AB54BB18B4BA518 /* CDVGlobalization.h */ = {isa = PBXFileReference; explicitFileType = undefined; fileEncoding = 4; includeInIndex = 0; lastKnownFileType = sourcecode.c.h; name = CDVGlobalization.h; path = "cordova-plugin-globalization/CDVGlobalization.h"; sourceTree = "<group>"; };
		AF56C661EF174B749503757C /* AdMobMediation.m */ = {isa = PBXFileReference; explicitFileType = undefined; fileEncoding = 4; includeInIndex = 0; lastKnownFileType = sourcecode.c.objc; name = AdMobMediation.m; path = "cordova-plugin-admobpro/AdMobMediation.m"; sourceTree = "<group>"; };
		B0DC58B58B1545AB8CF1E9DC /* ELCAlbumPickerController.h */ = {isa = PBXFileReference; explicitFileType = undefined; fileEncoding = 4; includeInIndex = 0; lastKnownFileType = sourcecode.c.h; name = ELCAlbumPickerController.h; path = com.synconset.imagepicker/ELCAlbumPickerController.h; sourceTree = "<group>"; };
		B59A2088CB524EAD9B723D8B /* CDVLocation.h */ = {isa = PBXFileReference; explicitFileType = undefined; fileEncoding = 4; includeInIndex = 0; lastKnownFileType = sourcecode.c.h; name = CDVLocation.h; path = "cordova-plugin-geolocation/CDVLocation.h"; sourceTree = "<group>"; };
		B5A9D29F13A44CEEB2BF6EF3 /* ELCAssetTablePicker.h */ = {isa = PBXFileReference; explicitFileType = undefined; fileEncoding = 4; includeInIndex = 0; lastKnownFileType = sourcecode.c.h; name = ELCAssetTablePicker.h; path = com.synconset.imagepicker/ELCAssetTablePicker.h; sourceTree = "<group>"; };
		B69B55CF1A3D4DCEBF77E6BD /* libGTM_DebugUtils.a */ = {isa = PBXFileReference; explicitFileType = undefined; fileEncoding = 9; includeInIndex = 0; lastKnownFileType = archive.ar; name = libGTM_DebugUtils.a; path = "SKOApp/Plugins/phonegap-plugin-push/GCM/Libraries/libGTM_DebugUtils.a"; sourceTree = "<group>"; };
		BF1C033DC61F452B80F296C8 /* CDVSplashScreen.m */ = {isa = PBXFileReference; explicitFileType = undefined; fileEncoding = 4; includeInIndex = 0; lastKnownFileType = sourcecode.c.objc; name = CDVSplashScreen.m; path = "cordova-plugin-splashscreen/CDVSplashScreen.m"; sourceTree = "<group>"; };
		C016BA29E15F4D609AF81139 /* UIWebViewExtension.m */ = {isa = PBXFileReference; explicitFileType = undefined; fileEncoding = 4; includeInIndex = 0; lastKnownFileType = sourcecode.c.objc; name = UIWebViewExtension.m; path = "ionic-plugin-keyboard/UIWebViewExtension.m"; sourceTree = "<group>"; };
		C0A31853055140018623981D /* AdMobMediation.h */ = {isa = PBXFileReference; explicitFileType = undefined; fileEncoding = 4; includeInIndex = 0; lastKnownFileType = sourcecode.c.h; name = AdMobMediation.h; path = "cordova-plugin-admobpro/AdMobMediation.h"; sourceTree = "<group>"; };
		C1DBB7655C8748E9A2311869 /* CDVLocation.m */ = {isa = PBXFileReference; explicitFileType = undefined; fileEncoding = 4; includeInIndex = 0; lastKnownFileType = sourcecode.c.objc; name = CDVLocation.m; path = "cordova-plugin-geolocation/CDVLocation.m"; sourceTree = "<group>"; };
		C390B48E79BA402A8629A22B /* libGTM_Regex.a */ = {isa = PBXFileReference; explicitFileType = undefined; fileEncoding = 9; includeInIndex = 0; lastKnownFileType = archive.ar; name = libGTM_Regex.a; path = "SKOApp/Plugins/phonegap-plugin-push/GCM/Libraries/libGTM_Regex.a"; sourceTree = "<group>"; };
		C4ABFC842F854CA2AF432984 /* CDVAdMobPlugin.m */ = {isa = PBXFileReference; explicitFileType = undefined; fileEncoding = 4; includeInIndex = 0; lastKnownFileType = sourcecode.c.objc; name = CDVAdMobPlugin.m; path = "cordova-plugin-admobpro/CDVAdMobPlugin.m"; sourceTree = "<group>"; };
		C9C11F954ECB45F687AAC142 /* ELCAlbumPickerController.xib */ = {isa = PBXFileReference; explicitFileType = undefined; fileEncoding = 9; includeInIndex = 0; lastKnownFileType = file.xib; path = ELCAlbumPickerController.xib; sourceTree = "<group>"; };
		CCC91D3B061A4559B8586324 /* ELCAssetCell.h */ = {isa = PBXFileReference; explicitFileType = undefined; fileEncoding = 4; includeInIndex = 0; lastKnownFileType = sourcecode.c.h; name = ELCAssetCell.h; path = com.synconset.imagepicker/ELCAssetCell.h; sourceTree = "<group>"; };
		CD3DD52F410D4B498838485C /* ELCAsset.m */ = {isa = PBXFileReference; explicitFileType = undefined; fileEncoding = 4; includeInIndex = 0; lastKnownFileType = sourcecode.c.objc; name = ELCAsset.m; path = com.synconset.imagepicker/ELCAsset.m; sourceTree = "<group>"; };
		CDAF3E30E1C0413EB34831CE /* GGLErrorCode.h */ = {isa = PBXFileReference; explicitFileType = undefined; fileEncoding = 4; includeInIndex = 0; lastKnownFileType = sourcecode.c.h; name = GGLErrorCode.h; path = "phonegap-plugin-push/GCM/Headers/GGLErrorCode.h"; sourceTree = "<group>"; };
		CDE19E2BB2894CE59A0C47B8 /* AVFoundation.framework */ = {isa = PBXFileReference; explicitFileType = undefined; fileEncoding = 9; includeInIndex = 0; lastKnownFileType = wrapper.framework; name = AVFoundation.framework; path = System/Library/Frameworks/AVFoundation.framework; sourceTree = SDKROOT; };
		CF09D2BE3D95481DA09E0D4C /* CDVDevice.m */ = {isa = PBXFileReference; explicitFileType = undefined; fileEncoding = 4; includeInIndex = 0; lastKnownFileType = sourcecode.c.objc; name = CDVDevice.m; path = "cordova-plugin-device/CDVDevice.m"; sourceTree = "<group>"; };
		D01EDBCE972A4A1FBF2E15C4 /* CDVPluginExt.m */ = {isa = PBXFileReference; explicitFileType = undefined; fileEncoding = 4; includeInIndex = 0; lastKnownFileType = sourcecode.c.objc; name = CDVPluginExt.m; path = "cordova-plugin-extension/CDVPluginExt.m"; sourceTree = "<group>"; };
		D3982985732442ED83BB01CE /* CDVSplashScreen.h */ = {isa = PBXFileReference; explicitFileType = undefined; fileEncoding = 4; includeInIndex = 0; lastKnownFileType = sourcecode.c.h; name = CDVSplashScreen.h; path = "cordova-plugin-splashscreen/CDVSplashScreen.h"; sourceTree = "<group>"; };
		D3C59E2427D2415FB82CF542 /* libGTM_NSDictionary+URLArguments.a */ = {isa = PBXFileReference; explicitFileType = undefined; fileEncoding = 9; includeInIndex = 0; lastKnownFileType = archive.ar; name = "libGTM_NSDictionary+URLArguments.a"; path = "SKOApp/Plugins/phonegap-plugin-push/GCM/Libraries/libGTM_NSDictionary+URLArguments.a"; sourceTree = "<group>"; };
		D6C00CFD22334627BC7E3BD0 /* QuartzCore.framework */ = {isa = PBXFileReference; explicitFileType = undefined; fileEncoding = 9; includeInIndex = 0; lastKnownFileType = wrapper.framework; name = QuartzCore.framework; path = System/Library/Frameworks/QuartzCore.framework; sourceTree = SDKROOT; };
		D735AD91B2754A51B6A49B6C /* ELCAssetPickerFilterDelegate.h */ = {isa = PBXFileReference; explicitFileType = undefined; fileEncoding = 4; includeInIndex = 0; lastKnownFileType = sourcecode.c.h; name = ELCAssetPickerFilterDelegate.h; path = com.synconset.imagepicker/ELCAssetPickerFilterDelegate.h; sourceTree = "<group>"; };
		D79968FD97734597BFA84437 /* APPEmailComposer.h */ = {isa = PBXFileReference; explicitFileType = undefined; fileEncoding = 4; includeInIndex = 0; lastKnownFileType = sourcecode.c.h; name = APPEmailComposer.h; path = "cordova-plugin-email/APPEmailComposer.h"; sourceTree = "<group>"; };
		E147C816798E4E0F94FABAE2 /* CloudMessaging.h */ = {isa = PBXFileReference; explicitFileType = undefined; fileEncoding = 4; includeInIndex = 0; lastKnownFileType = sourcecode.c.h; name = CloudMessaging.h; path = "phonegap-plugin-push/GCM/Headers/CloudMessaging.h"; sourceTree = "<group>"; };
		E3F2A08F93D5467B9B087779 /* CDVDevice.h */ = {isa = PBXFileReference; explicitFileType = undefined; fileEncoding = 4; includeInIndex = 0; lastKnownFileType = sourcecode.c.h; name = CDVDevice.h; path = "cordova-plugin-device/CDVDevice.h"; sourceTree = "<group>"; };
		E76A02EED3F449BC813782FD /* libGTM_StringEncoding.a */ = {isa = PBXFileReference; explicitFileType = undefined; fileEncoding = 9; includeInIndex = 0; lastKnownFileType = archive.ar; name = libGTM_StringEncoding.a; path = "SKOApp/Plugins/phonegap-plugin-push/GCM/Libraries/libGTM_StringEncoding.a"; sourceTree = "<group>"; };
		EB87FDF31871DA8E0020F90C /* www */ = {isa = PBXFileReference; lastKnownFileType = folder; name = www; path = ../../www; sourceTree = "<group>"; };
		EB87FDF41871DAF40020F90C /* config.xml */ = {isa = PBXFileReference; lastKnownFileType = text.xml; name = config.xml; path = ../../config.xml; sourceTree = "<group>"; };
		EBA0C728850F4D2097166E00 /* GoogleMobileAds.framework */ = {isa = PBXFileReference; explicitFileType = undefined; fileEncoding = 9; includeInIndex = 0; lastKnownFileType = wrapper.framework; name = GoogleMobileAds.framework; path = "SKOApp/Plugins/cordova-plugin-admobpro/GoogleMobileAds.framework"; sourceTree = "<group>"; };
		EC699BC80F9F4FA886FF1EA5 /* GGLConfiguration.h */ = {isa = PBXFileReference; explicitFileType = undefined; fileEncoding = 4; includeInIndex = 0; lastKnownFileType = sourcecode.c.h; name = GGLConfiguration.h; path = "phonegap-plugin-push/GCM/Headers/GGLConfiguration.h"; sourceTree = "<group>"; };
		ED33DF2A687741AEAF9F8254 /* Bridging-Header.h */ = {isa = PBXFileReference; fileEncoding = 4; lastKnownFileType = sourcecode.c.h; path = "Bridging-Header.h"; sourceTree = "<group>"; };
		EDD170742AF944DF9CDD9558 /* GoogleCloudMessaging.h */ = {isa = PBXFileReference; explicitFileType = undefined; fileEncoding = 4; includeInIndex = 0; lastKnownFileType = sourcecode.c.h; name = GoogleCloudMessaging.h; path = "phonegap-plugin-push/GCM/Headers/GoogleCloudMessaging.h"; sourceTree = "<group>"; };
		F2CA29E773C04D21BB33C985 /* Overlay.png */ = {isa = PBXFileReference; explicitFileType = undefined; fileEncoding = 9; includeInIndex = 0; lastKnownFileType = unknown; path = Overlay.png; sourceTree = "<group>"; };
		F3091EC0929949D3B1E586B5 /* GCMConfig.h */ = {isa = PBXFileReference; explicitFileType = undefined; fileEncoding = 4; includeInIndex = 0; lastKnownFileType = sourcecode.c.h; name = GCMConfig.h; path = "phonegap-plugin-push/GCM/Headers/GCMConfig.h"; sourceTree = "<group>"; };
		F30CFC5DE73643708BBCA4DA /* Overlay@2x.png */ = {isa = PBXFileReference; explicitFileType = undefined; fileEncoding = 9; includeInIndex = 0; lastKnownFileType = unknown; path = "Overlay@2x.png"; sourceTree = "<group>"; };
		F393B72AC9AE4641A3ECFC92 /* libCordovaGenericAd.a */ = {isa = PBXFileReference; explicitFileType = undefined; fileEncoding = 9; includeInIndex = 0; lastKnownFileType = archive.ar; name = libCordovaGenericAd.a; path = "SKOApp/Plugins/cordova-plugin-extension/libCordovaGenericAd.a"; sourceTree = "<group>"; };
		F5D511E0C7BB4E049CE1316F /* IonicKeyboard.h */ = {isa = PBXFileReference; explicitFileType = undefined; fileEncoding = 4; includeInIndex = 0; lastKnownFileType = sourcecode.c.h; name = IonicKeyboard.h; path = "ionic-plugin-keyboard/IonicKeyboard.h"; sourceTree = "<group>"; };
		F736E2618EF047458220A5E1 /* SOSPicker.h */ = {isa = PBXFileReference; explicitFileType = undefined; fileEncoding = 4; includeInIndex = 0; lastKnownFileType = sourcecode.c.h; name = SOSPicker.h; path = com.synconset.imagepicker/SOSPicker.h; sourceTree = "<group>"; };
		F840E1F0165FE0F500CFE078 /* config.xml */ = {isa = PBXFileReference; lastKnownFileType = text.xml; name = config.xml; path = SKOApp/config.xml; sourceTree = "<group>"; };
		F868286ECA844A2DBDC80782 /* ELCAlbumPickerController.m */ = {isa = PBXFileReference; explicitFileType = undefined; fileEncoding = 4; includeInIndex = 0; lastKnownFileType = sourcecode.c.objc; name = ELCAlbumPickerController.m; path = com.synconset.imagepicker/ELCAlbumPickerController.m; sourceTree = "<group>"; };
		FC83BF7C00DA4618AA6D619F /* GGLInstanceIDHeaders.h */ = {isa = PBXFileReference; explicitFileType = undefined; fileEncoding = 4; includeInIndex = 0; lastKnownFileType = sourcecode.c.h; name = GGLInstanceIDHeaders.h; path = "phonegap-plugin-push/GCM/Headers/GGLInstanceIDHeaders.h"; sourceTree = "<group>"; };
		FE33C0F2591D4E1FA7631EA5 /* MessageUI.framework */ = {isa = PBXFileReference; explicitFileType = undefined; fileEncoding = 9; includeInIndex = 0; lastKnownFileType = wrapper.framework; name = MessageUI.framework; path = System/Library/Frameworks/MessageUI.framework; sourceTree = SDKROOT; };
		FEDB11FE1502423A95B74A10 /* AudioToolbox.framework */ = {isa = PBXFileReference; explicitFileType = undefined; fileEncoding = 9; includeInIndex = 0; lastKnownFileType = wrapper.framework; name = AudioToolbox.framework; path = System/Library/Frameworks/AudioToolbox.framework; sourceTree = SDKROOT; };
/* End PBXFileReference section */

/* Begin PBXFrameworksBuildPhase section */
		1D60588F0D05DD3D006BFB54 /* Frameworks */ = {
			isa = PBXFrameworksBuildPhase;
			buildActionMask = 2147483647;
			files = (
				301BF552109A68D80062928A /* libCordova.a in Frameworks */,
				5DFAA491C15843B1AA4D9531 /* libCordovaGenericAd.a in Frameworks */,
				A9D8F5A3129449739EED7CD4 /* GoogleMobileAds.framework in Frameworks */,
				8D3146438DB143C6B8CB4FA0 /* AdSupport.framework in Frameworks */,
				22B393A0F3294E76BBF4D5A9 /* AudioToolbox.framework in Frameworks */,
				4EBDDA3E32474169B6390EBF /* AVFoundation.framework in Frameworks */,
				B674DA1833084BC69E2DB182 /* CoreLocation.framework in Frameworks */,
				7F87554660F543E68F7CFB3F /* CoreTelephony.framework in Frameworks */,
				CDBA6F021B7C46568B28A5AF /* EventKit.framework in Frameworks */,
				C80DF75805F042DA895447FC /* EventKitUI.framework in Frameworks */,
				7C20B25460E4467B97F82FA5 /* Foundation.framework in Frameworks */,
				A793E6C582644CA6B13B5265 /* MessageUI.framework in Frameworks */,
				D0A00552F00447349BDBF60C /* QuartzCore.framework in Frameworks */,
				4C4AE2F8499C4BCE9444034B /* StoreKit.framework in Frameworks */,
				263BAF887E504A57AB2DD60E /* SystemConfiguration.framework in Frameworks */,
				99F630FE2E1546B6A05E21F2 /* UIKit.framework in Frameworks */,
				2DDC8E6FB80A41B096A94142 /* WebKit.framework in Frameworks */,
				0DDCA281469A430AA769203B /* libGGLCloudMessaging.a in Frameworks */,
				4657980D7C0F4E27BCFC1457 /* libGGLCore.a in Frameworks */,
				C11AB1AC7D934E0C8AF5FFCD /* libGGLInstanceIDLib.a in Frameworks */,
				FA7D4FF1EBAA46DCBEF8C78C /* libGIP_Reachability.a in Frameworks */,
				1386AC8E4C574E5981C1FE70 /* libGSDK_Overload.a in Frameworks */,
				38BCCE2059E64431A83BFC6C /* libGTMSessionFetcher_core.a in Frameworks */,
				E7E90EF2E98B498DA98DDAC2 /* libGTMSessionFetcher_full.a in Frameworks */,
				F58F70E2DF76422ABD72DD4A /* libGTMStackTrace.a in Frameworks */,
				AC56EBEDC6964F0AB2731878 /* libGTM_AddressBook.a in Frameworks */,
				22EA8CC536F343E39C859111 /* libGTM_DebugUtils.a in Frameworks */,
				755AEBC9C81E4A8887DAF784 /* libGTM_GTMURLBuilder.a in Frameworks */,
				C4FAEF8F5A9544C99EB9D200 /* libGTM_KVO.a in Frameworks */,
				B83A2DA26DE448E18A42FE20 /* libGTM_NSData+zlib.a in Frameworks */,
				3D8D5AB042EC47C18AE112C4 /* libGTM_NSDictionary+URLArguments.a in Frameworks */,
				AA4BE3B074BA4851A35EFF28 /* libGTM_NSScannerJSON.a in Frameworks */,
				82C508C7B1784AA48C8DB50A /* libGTM_NSStringHTML.a in Frameworks */,
				F5F80A6DE3F5400A85CA9976 /* libGTM_NSStringXML.a in Frameworks */,
				7D91428E8591416AB96294A2 /* libGTM_Regex.a in Frameworks */,
				A8C8CE58B0564596B7F1DC93 /* libGTM_RoundedRectPath.a in Frameworks */,
				9097541CD46F4D199E0EF2B4 /* libGTM_StringEncoding.a in Frameworks */,
				6F75568F15B24A328458E061 /* libGTM_SystemVersion.a in Frameworks */,
				6F94D41BA72B4F7FB24D24A2 /* libGTM_UIFont+LineHeight.a in Frameworks */,
				DA3E8D67FCB94545A0294AEE /* libGTM_core.a in Frameworks */,
				5A4CA2516DED4E29A12B866C /* libGTM_iPhone.a in Frameworks */,
				F16890F9FC414FD1A83741C5 /* libGcmLib.a in Frameworks */,
				9E30CBF5A3974E45B8591F09 /* libProtocolBuffers.a in Frameworks */,
				04A79F0D6DA747B69E3804A7 /* AddressBook.framework in Frameworks */,
				0C70EAC58439435EA590B72C /* libsqlite3.tbd in Frameworks */,
				EDFFFC3F9F334CB292124C17 /* libz.tbd in Frameworks */,
			);
			runOnlyForDeploymentPostprocessing = 0;
		};
/* End PBXFrameworksBuildPhase section */

/* Begin PBXGroup section */
		080E96DDFE201D6D7F000001 /* Classes */ = {
			isa = PBXGroup;
			children = (
				302D95EE14D2391D003F00A1 /* MainViewController.h */,
				302D95EF14D2391D003F00A1 /* MainViewController.m */,
				302D95F014D2391D003F00A1 /* MainViewController.xib */,
				1D3623240D0F684500981E51 /* AppDelegate.h */,
				1D3623250D0F684500981E51 /* AppDelegate.m */,
			);
			name = Classes;
			path = SKOApp/Classes;
			sourceTree = SOURCE_ROOT;
		};
		19C28FACFE9D520D11CA2CBB /* Products */ = {
			isa = PBXGroup;
			children = (
				1D6058910D05DD3D006BFB54 /* SKOApp.app */,
			);
			name = Products;
			sourceTree = "<group>";
		};
		29B97314FDCFA39411CA2CEA /* CustomTemplate */ = {
			isa = PBXGroup;
			children = (
				EB87FDF41871DAF40020F90C /* config.xml */,
				EB87FDF31871DA8E0020F90C /* www */,
				EB87FDF11871DA420020F90C /* Staging */,
				301BF52D109A57CC0062928A /* CordovaLib.xcodeproj */,
				080E96DDFE201D6D7F000001 /* Classes */,
				307C750510C5A3420062BCA9 /* Plugins */,
				29B97315FDCFA39411CA2CEA /* Other Sources */,
				29B97317FDCFA39411CA2CEA /* Resources */,
				29B97323FDCFA39411CA2CEA /* Frameworks */,
				19C28FACFE9D520D11CA2CBB /* Products */,
			);
			name = CustomTemplate;
			sourceTree = "<group>";
		};
		29B97315FDCFA39411CA2CEA /* Other Sources */ = {
			isa = PBXGroup;
			children = (
				32CA4F630368D1EE00C91783 /* SKOApp-Prefix.pch */,
				29B97316FDCFA39411CA2CEA /* main.m */,
				ED33DF2A687741AEAF9F8254 /* Bridging-Header.h */,
			);
			name = "Other Sources";
			path = SKOApp;
			sourceTree = "<group>";
		};
		29B97317FDCFA39411CA2CEA /* Resources */ = {
			isa = PBXGroup;
			children = (
				0207DA571B56EA530066E2B4 /* Images.xcassets */,
				3047A50E1AB8057F00498E2A /* config */,
				8D1107310486CEB800E47090 /* SKOApp-Info.plist */,
				C9C11F954ECB45F687AAC142 /* ELCAlbumPickerController.xib */,
				053BEE50B7ED41EF9FCAC3E2 /* ELCAssetPicker.xib */,
				80A36B0F9DBF4C408AF3D56E /* ELCAssetTablePicker.xib */,
				F2CA29E773C04D21BB33C985 /* Overlay.png */,
				F30CFC5DE73643708BBCA4DA /* Overlay@2x.png */,
				86EC261857024CEE8EAC2F77 /* CDVNotification.bundle */,
			);
			name = Resources;
			path = SKOApp/Resources;
			sourceTree = "<group>";
		};
		29B97323FDCFA39411CA2CEA /* Frameworks */ = {
			isa = PBXGroup;
			children = (
				F393B72AC9AE4641A3ECFC92 /* libCordovaGenericAd.a */,
				EBA0C728850F4D2097166E00 /* GoogleMobileAds.framework */,
				24D95D4AA1D34144932E9189 /* AdSupport.framework */,
				FEDB11FE1502423A95B74A10 /* AudioToolbox.framework */,
				CDE19E2BB2894CE59A0C47B8 /* AVFoundation.framework */,
				6A94A5AEC24548948230ED7F /* CoreLocation.framework */,
				2B0C02C99F9545D0AD975F23 /* CoreTelephony.framework */,
				854AF7A90F6E4295B999CD08 /* EventKit.framework */,
				44475384D79E407992A043F2 /* EventKitUI.framework */,
				20B01E3DE8254682BD5C76DA /* Foundation.framework */,
				FE33C0F2591D4E1FA7631EA5 /* MessageUI.framework */,
				D6C00CFD22334627BC7E3BD0 /* QuartzCore.framework */,
				6B5426DF1ED34108845F66E2 /* StoreKit.framework */,
				7CD56F832915439EABAC3268 /* SystemConfiguration.framework */,
				AEAA1A80DDFA42EC94C7D692 /* UIKit.framework */,
				097491B549874303B496BFC7 /* WebKit.framework */,
				7C6DAB888CAD41AE8AF30007 /* libGGLCloudMessaging.a */,
				6AE36A8874034406A6702F8A /* libGGLCore.a */,
				6EF4804D3BD14E3E8A47543D /* libGGLInstanceIDLib.a */,
				2C841D8A9AD24EEE9D10922D /* libGIP_Reachability.a */,
				8AE17721466A442E9FFFDC47 /* libGSDK_Overload.a */,
				83DCDD01C35845A38E37B6A1 /* libGTMSessionFetcher_core.a */,
				9132FC3D43D048A983D2EFA5 /* libGTMSessionFetcher_full.a */,
				7EB61C5297BA44CCB41A21D6 /* libGTMStackTrace.a */,
				77357583C7DE4AC895849A3F /* libGTM_AddressBook.a */,
				B69B55CF1A3D4DCEBF77E6BD /* libGTM_DebugUtils.a */,
				1C315287612C4D5CB5413B1B /* libGTM_GTMURLBuilder.a */,
				03C51201F62A41E7B936110F /* libGTM_KVO.a */,
				2DBA55AF12404673AC138B28 /* libGTM_NSData+zlib.a */,
				D3C59E2427D2415FB82CF542 /* libGTM_NSDictionary+URLArguments.a */,
				8ED62C146EC5411A8C729504 /* libGTM_NSScannerJSON.a */,
				5C0169D55C274548AB72731E /* libGTM_NSStringHTML.a */,
				990AABB61A7E488581BF93AF /* libGTM_NSStringXML.a */,
				C390B48E79BA402A8629A22B /* libGTM_Regex.a */,
				11DEC78B40AD4ED1B750232F /* libGTM_RoundedRectPath.a */,
				E76A02EED3F449BC813782FD /* libGTM_StringEncoding.a */,
				6BDF8F3F42B2485596FB1354 /* libGTM_SystemVersion.a */,
				0AA69126113E42F5AC7F9674 /* libGTM_UIFont+LineHeight.a */,
				4B800F20383648A2A8B9EAE5 /* libGTM_core.a */,
				2920343BC0F14F03A6052856 /* libGTM_iPhone.a */,
				94DE5120DC134CE2AD274AD8 /* libGcmLib.a */,
				991DA6BA88C5480BB5F52890 /* libProtocolBuffers.a */,
				55AC129E4F94487E968CA187 /* AddressBook.framework */,
				9EB8BA530DF34DC4BFBBD4C7 /* libsqlite3.tbd */,
				2C8FA7F2E17E4487A0C80637 /* libz.tbd */,
			);
			name = Frameworks;
			sourceTree = "<group>";
		};
		301BF52E109A57CC0062928A /* Products */ = {
			isa = PBXGroup;
			children = (
				301BF535109A57CC0062928A /* libCordova.a */,
			);
			name = Products;
			sourceTree = "<group>";
		};
		3047A50E1AB8057F00498E2A /* config */ = {
			isa = PBXGroup;
			children = (
				3047A50F1AB8059700498E2A /* build-debug.xcconfig */,
				3047A5101AB8059700498E2A /* build-release.xcconfig */,
				3047A5111AB8059700498E2A /* build.xcconfig */,
			);
			name = config;
			sourceTree = "<group>";
		};
		307C750510C5A3420062BCA9 /* Plugins */ = {
			isa = PBXGroup;
			children = (
				8D42FD7CEC3D415989480C81 /* IonicKeyboard.m */,
				C016BA29E15F4D609AF81139 /* UIWebViewExtension.m */,
				F5D511E0C7BB4E049CE1316F /* IonicKeyboard.h */,
				87CF6320180C475DB55DFB3A /* UIWebViewExtension.h */,
				47AE08E9CDF5432083230E02 /* SOSPicker.m */,
				F868286ECA844A2DBDC80782 /* ELCAlbumPickerController.m */,
				CD3DD52F410D4B498838485C /* ELCAsset.m */,
				07D73755867847DC95B3A284 /* ELCAssetCell.m */,
				4F0CA4B4C58043BDAEC16720 /* ELCAssetTablePicker.m */,
				24F4705284224CC3BEACA6C7 /* ELCImagePickerController.m */,
				F736E2618EF047458220A5E1 /* SOSPicker.h */,
				B0DC58B58B1545AB8CF1E9DC /* ELCAlbumPickerController.h */,
				44505B7B57DF4B2398C9BDB2 /* ELCAsset.h */,
				CCC91D3B061A4559B8586324 /* ELCAssetCell.h */,
				D735AD91B2754A51B6A49B6C /* ELCAssetPickerFilterDelegate.h */,
				0792A8245A454C9199A347D1 /* ELCAssetSelectionDelegate.h */,
				B5A9D29F13A44CEEB2BF6EF3 /* ELCAssetTablePicker.h */,
				15B70BFEFAF244FEA3AA92A1 /* ELCImagePickerController.h */,
				D01EDBCE972A4A1FBF2E15C4 /* CDVPluginExt.m */,
				A6A50CDB695E4569BBAB1B3B /* PluginAdapterDelegate.h */,
				669B34D2A16C4FB2BB5DAB95 /* CDVPluginExt.h */,
				8950CA965A4547848514A3B3 /* GenericAdPlugin.h */,
				C4ABFC842F854CA2AF432984 /* CDVAdMobPlugin.m */,
				AF56C661EF174B749503757C /* AdMobMediation.m */,
				815333D83E104DCCA4612D04 /* CDVAdMobPlugin.h */,
				C0A31853055140018623981D /* AdMobMediation.h */,
				886AEEA8F61045988AE81726 /* CDVLogger.m */,
				4DCBF201EF794A249CF2D5AE /* CDVLogger.h */,
				CF09D2BE3D95481DA09E0D4C /* CDVDevice.m */,
				E3F2A08F93D5467B9B087779 /* CDVDevice.h */,
				4286AD14983B466B8793D2BC /* CDVNotification.m */,
				3528B0A068C04F6E9DC7E057 /* CDVNotification.h */,
				20C6ECE23DE546D0A02DC9B2 /* APPEmailComposer.m */,
				D79968FD97734597BFA84437 /* APPEmailComposer.h */,
				C1DBB7655C8748E9A2311869 /* CDVLocation.m */,
				B59A2088CB524EAD9B723D8B /* CDVLocation.h */,
				44729C336F27405FA4E17EDF /* CDVGlobalization.m */,
				AEB7D7A68AB54BB18B4BA518 /* CDVGlobalization.h */,
				2139B1182B394DDA883C5AF0 /* CDVInAppBrowser.m */,
				4E835E046FD646809437D80D /* CDVInAppBrowser.h */,
				BF1C033DC61F452B80F296C8 /* CDVSplashScreen.m */,
				47D70AA8F06E4D35905FD546 /* CDVViewController+SplashScreen.m */,
				D3982985732442ED83BB01CE /* CDVSplashScreen.h */,
				54FF360F5FFF476EBEA21B9D /* CDVViewController+SplashScreen.h */,
				0580ECD64E324B149ACC772C /* CDVWKWebViewEngine.m */,
				6E175033D51345C7913C2597 /* CDVWKWebViewUIDelegate.m */,
				4DD9B84765BD4DE19886758F /* CDVWKWebViewEngine.h */,
				2E4A0DD95E594BD2BE5132F9 /* CDVWKWebViewUIDelegate.h */,
				10212EEA39964DE7A3897A7C /* AppDelegate+notification.m */,
				94229FA7F7284572842B608A /* PushPlugin.m */,
				683B10520EBB4CD0B002266D /* AppDelegate+notification.h */,
				5886BC01B5E246F09E7E2A40 /* PushPlugin.h */,
				A9B438D1306243819D2C7A0A /* GGLInstanceID.h */,
				21652282DEB643A184B95D55 /* GGLInstanceIDConfig.h */,
				104EAC0341BD46E088674B12 /* GGLInstanceIDDelegate.h */,
				FC83BF7C00DA4618AA6D619F /* GGLInstanceIDHeaders.h */,
				E147C816798E4E0F94FABAE2 /* CloudMessaging.h */,
				0592B8649AB048CD8156CBB9 /* GGLContext+CloudMessaging.h */,
				7A705CD8D5E046C284D0EE27 /* Core.h */,
				EC699BC80F9F4FA886FF1EA5 /* GGLConfiguration.h */,
				8333214DAB6C4FE785864C93 /* GGLContext.h */,
				CDAF3E30E1C0413EB34831CE /* GGLErrorCode.h */,
				F3091EC0929949D3B1E586B5 /* GCMConfig.h */,
				21FC6A5120704346956AD41A /* GCMPubSub.h */,
				6736F0DB14674314B7857798 /* GCMReceiverDelegate.h */,
				0D097A609225463E8B0FFF98 /* GCMService.h */,
				EDD170742AF944DF9CDD9558 /* GoogleCloudMessaging.h */,
			);
			name = Plugins;
			path = SKOApp/Plugins;
			sourceTree = SOURCE_ROOT;
		};
		EB87FDF11871DA420020F90C /* Staging */ = {
			isa = PBXGroup;
			children = (
				F840E1F0165FE0F500CFE078 /* config.xml */,
				301BF56E109A69640062928A /* www */,
			);
			name = Staging;
			sourceTree = "<group>";
		};
/* End PBXGroup section */

/* Begin PBXNativeTarget section */
		1D6058900D05DD3D006BFB54 /* SKOApp */ = {
			isa = PBXNativeTarget;
			buildConfigurationList = 1D6058960D05DD3E006BFB54 /* Build configuration list for PBXNativeTarget "SKOApp" */;
			buildPhases = (
				304B58A110DAC018002A0835 /* Copy www directory */,
				1D60588D0D05DD3D006BFB54 /* Resources */,
				1D60588E0D05DD3D006BFB54 /* Sources */,
				1D60588F0D05DD3D006BFB54 /* Frameworks */,
			);
			buildRules = (
			);
			dependencies = (
				301BF551109A68C00062928A /* PBXTargetDependency */,
			);
			name = SKOApp;
			productName = SKOApp;
			productReference = 1D6058910D05DD3D006BFB54 /* SKOApp.app */;
			productType = "com.apple.product-type.application";
		};
/* End PBXNativeTarget section */

/* Begin PBXProject section */
		29B97313FDCFA39411CA2CEA /* Project object */ = {
			isa = PBXProject;
			attributes = {
				LastUpgradeCheck = 0720;
			};
			buildConfigurationList = C01FCF4E08A954540054247B /* Build configuration list for PBXProject "SKOApp" */;
			compatibilityVersion = "Xcode 3.2";
			developmentRegion = English;
			hasScannedForEncodings = 1;
			knownRegions = (
				en,
			);
			mainGroup = 29B97314FDCFA39411CA2CEA /* CustomTemplate */;
			projectDirPath = "";
			projectReferences = (
				{
					ProductGroup = 301BF52E109A57CC0062928A /* Products */;
					ProjectRef = 301BF52D109A57CC0062928A /* CordovaLib.xcodeproj */;
				},
			);
			projectRoot = "";
			targets = (
				1D6058900D05DD3D006BFB54 /* SKOApp */,
			);
		};
/* End PBXProject section */

/* Begin PBXReferenceProxy section */
		301BF535109A57CC0062928A /* libCordova.a */ = {
			isa = PBXReferenceProxy;
			fileType = archive.ar;
			path = libCordova.a;
			remoteRef = 301BF534109A57CC0062928A /* PBXContainerItemProxy */;
			sourceTree = BUILT_PRODUCTS_DIR;
		};
/* End PBXReferenceProxy section */

/* Begin PBXResourcesBuildPhase section */
		1D60588D0D05DD3D006BFB54 /* Resources */ = {
			isa = PBXResourcesBuildPhase;
			buildActionMask = 2147483647;
			files = (
				302D95F214D2391D003F00A1 /* MainViewController.xib in Resources */,
				0207DA581B56EA530066E2B4 /* Images.xcassets in Resources */,
				EA359D31D3754ADEBCCE56CB /* ELCAlbumPickerController.xib in Resources */,
				F6DC1D24843E41E7A29E33BB /* ELCAssetPicker.xib in Resources */,
				553F54FD2E4A475EBEDF5B0C /* ELCAssetTablePicker.xib in Resources */,
				56332C311B4F4CC7B7D2D804 /* Overlay.png in Resources */,
				E590F7EF7D7548E2ADAE717C /* Overlay@2x.png in Resources */,
				728B547643C8419AB8D3CAE1 /* CDVNotification.bundle in Resources */,
			);
			runOnlyForDeploymentPostprocessing = 0;
		};
/* End PBXResourcesBuildPhase section */

/* Begin PBXShellScriptBuildPhase section */
		304B58A110DAC018002A0835 /* Copy www directory */ = {
			isa = PBXShellScriptBuildPhase;
			buildActionMask = 2147483647;
			files = (
			);
			inputPaths = (
			);
			name = "Copy www directory";
			outputPaths = (
			);
			runOnlyForDeploymentPostprocessing = 0;
			shellPath = /bin/sh;
			shellScript = "NODEJS_PATH=/usr/local/bin; NVM_NODE_PATH=~/.nvm/versions/node/`nvm version 2>/dev/null`/bin; N_NODE_PATH=`find /usr/local/n/versions/node/* -maxdepth 0 -type d 2>/dev/null | tail -1`/bin; XCODE_NODE_PATH=`xcode-select --print-path`/usr/share/xcs/Node/bin; PATH=$NODEJS_PATH:$NVM_NODE_PATH:$N_NODE_PATH:$XCODE_NODE_PATH:$PATH && node cordova/lib/copy-www-build-step.js";
			showEnvVarsInLog = 0;
		};
/* End PBXShellScriptBuildPhase section */

/* Begin PBXSourcesBuildPhase section */
		1D60588E0D05DD3D006BFB54 /* Sources */ = {
			isa = PBXSourcesBuildPhase;
			buildActionMask = 2147483647;
			files = (
				1D60589B0D05DD56006BFB54 /* main.m in Sources */,
				1D3623260D0F684500981E51 /* AppDelegate.m in Sources */,
				302D95F114D2391D003F00A1 /* MainViewController.m in Sources */,
				3350A1BA08644F389F35B12C /* IonicKeyboard.m in Sources */,
				4E58DA1D4A704A2A89C14FD0 /* UIWebViewExtension.m in Sources */,
				8FB117208E8843B489E300E0 /* SOSPicker.m in Sources */,
				C0647475A8F843D38E789F14 /* ELCAlbumPickerController.m in Sources */,
				6F3231A8E4794C738FAA5121 /* ELCAsset.m in Sources */,
				EE183A0E49144E96AC741F93 /* ELCAssetCell.m in Sources */,
				DF5D3664B848458D88C3A130 /* ELCAssetTablePicker.m in Sources */,
				9E14EAD354BB403B9BFA5F59 /* ELCImagePickerController.m in Sources */,
				3C92F38F46484018B8C4D65E /* CDVPluginExt.m in Sources */,
				BCD56EC69814413A9FCAE731 /* CDVAdMobPlugin.m in Sources */,
				823047D9B8A24E0C972E0813 /* AdMobMediation.m in Sources */,
				E0D5A027AFE34A498CC2CC2A /* CDVLogger.m in Sources */,
				52C68B3236794D72B28D5658 /* CDVDevice.m in Sources */,
				B16E7D5AEFD644CF845D0E99 /* CDVNotification.m in Sources */,
				62CC55886E9848EAA9ABE73E /* APPEmailComposer.m in Sources */,
				F0D4AB4DEE2F4A7E9FE219C8 /* CDVLocation.m in Sources */,
				7D6FE6079B884959A28C273D /* CDVGlobalization.m in Sources */,
				DBB01047D4364EE8A6CE655E /* CDVInAppBrowser.m in Sources */,
				5C8246F9B6224D69AAB4ECF1 /* CDVSplashScreen.m in Sources */,
				88D0D02962E146ABBBC86D98 /* CDVViewController+SplashScreen.m in Sources */,
				5BBBE01780E7458AB6D08CB6 /* CDVWKWebViewEngine.m in Sources */,
				ADAEDC8719ED46BAB508544E /* CDVWKWebViewUIDelegate.m in Sources */,
				0A6952A050CE44C4BC67454C /* AppDelegate+notification.m in Sources */,
				05DAAA2B202845F5A8CDAAA1 /* PushPlugin.m in Sources */,
			);
			runOnlyForDeploymentPostprocessing = 0;
		};
/* End PBXSourcesBuildPhase section */

/* Begin PBXTargetDependency section */
		301BF551109A68C00062928A /* PBXTargetDependency */ = {
			isa = PBXTargetDependency;
			name = CordovaLib;
			targetProxy = 301BF550109A68C00062928A /* PBXContainerItemProxy */;
		};
/* End PBXTargetDependency section */

/* Begin XCBuildConfiguration section */
		1D6058940D05DD3E006BFB54 /* Debug */ = {
			isa = XCBuildConfiguration;
			baseConfigurationReference = 3047A50F1AB8059700498E2A /* build-debug.xcconfig */;
			buildSettings = {
				ALWAYS_SEARCH_USER_PATHS = NO;
				ASSETCATALOG_COMPILER_APPICON_NAME = AppIcon;
				ASSETCATALOG_COMPILER_LAUNCHIMAGE_NAME = LaunchImage;
				CLANG_ENABLE_MODULES = YES;
				CLANG_ENABLE_OBJC_ARC = YES;
				COPY_PHASE_STRIP = NO;
				FRAMEWORK_SEARCH_PATHS = (
					"$(inherited)",
					"\"SKOApp/Plugins/cordova-plugin-admobpro\"",
				);
				GCC_DYNAMIC_NO_PIC = NO;
				GCC_OPTIMIZATION_LEVEL = 0;
				GCC_PRECOMPILE_PREFIX_HEADER = YES;
				GCC_PREFIX_HEADER = "SKOApp/SKOApp-Prefix.pch";
				GCC_THUMB_SUPPORT = NO;
				GCC_VERSION = "";
				INFOPLIST_FILE = "SKOApp/SKOApp-Info.plist";
				LD_RUNPATH_SEARCH_PATHS = "@executable_path/Frameworks";
				LIBRARY_SEARCH_PATHS = (
					"$(inherited)",
					"\"$(SRCROOT)/SKOApp/Plugins/cordova-plugin-extension\"",
					"\"$(SRCROOT)/SKOApp/Plugins/phonegap-plugin-push/GCM/Libraries\"",
					"\"$(SRCROOT)/SKOApp/Plugins/phonegap-plugin-push/GCM/Libraries\"",
					"\"$(SRCROOT)/SKOApp/Plugins/phonegap-plugin-push/GCM/Libraries\"",
					"\"$(SRCROOT)/SKOApp/Plugins/phonegap-plugin-push/GCM/Libraries\"",
					"\"$(SRCROOT)/SKOApp/Plugins/phonegap-plugin-push/GCM/Libraries\"",
					"\"$(SRCROOT)/SKOApp/Plugins/phonegap-plugin-push/GCM/Libraries\"",
					"\"$(SRCROOT)/SKOApp/Plugins/phonegap-plugin-push/GCM/Libraries\"",
					"\"$(SRCROOT)/SKOApp/Plugins/phonegap-plugin-push/GCM/Libraries\"",
					"\"$(SRCROOT)/SKOApp/Plugins/phonegap-plugin-push/GCM/Libraries\"",
					"\"$(SRCROOT)/SKOApp/Plugins/phonegap-plugin-push/GCM/Libraries\"",
					"\"$(SRCROOT)/SKOApp/Plugins/phonegap-plugin-push/GCM/Libraries\"",
					"\"$(SRCROOT)/SKOApp/Plugins/phonegap-plugin-push/GCM/Libraries\"",
					"\"$(SRCROOT)/SKOApp/Plugins/phonegap-plugin-push/GCM/Libraries\"",
					"\"$(SRCROOT)/SKOApp/Plugins/phonegap-plugin-push/GCM/Libraries\"",
					"\"$(SRCROOT)/SKOApp/Plugins/phonegap-plugin-push/GCM/Libraries\"",
					"\"$(SRCROOT)/SKOApp/Plugins/phonegap-plugin-push/GCM/Libraries\"",
					"\"$(SRCROOT)/SKOApp/Plugins/phonegap-plugin-push/GCM/Libraries\"",
					"\"$(SRCROOT)/SKOApp/Plugins/phonegap-plugin-push/GCM/Libraries\"",
					"\"$(SRCROOT)/SKOApp/Plugins/phonegap-plugin-push/GCM/Libraries\"",
					"\"$(SRCROOT)/SKOApp/Plugins/phonegap-plugin-push/GCM/Libraries\"",
					"\"$(SRCROOT)/SKOApp/Plugins/phonegap-plugin-push/GCM/Libraries\"",
					"\"$(SRCROOT)/SKOApp/Plugins/phonegap-plugin-push/GCM/Libraries\"",
					"\"$(SRCROOT)/SKOApp/Plugins/phonegap-plugin-push/GCM/Libraries\"",
					"\"$(SRCROOT)/SKOApp/Plugins/phonegap-plugin-push/GCM/Libraries\"",
					"\"$(SRCROOT)/SKOApp/Plugins/phonegap-plugin-push/GCM/Libraries\"",
					"\"$(SRCROOT)/SKOApp/Plugins/phonegap-plugin-push/GCM/Libraries\"",
				);
				PRODUCT_BUNDLE_IDENTIFIER = com.redhat.SKOApp;
				PRODUCT_NAME = SKOApp;
			};
			name = Debug;
		};
		1D6058950D05DD3E006BFB54 /* Release */ = {
			isa = XCBuildConfiguration;
			baseConfigurationReference = 3047A5101AB8059700498E2A /* build-release.xcconfig */;
			buildSettings = {
				ALWAYS_SEARCH_USER_PATHS = NO;
				ASSETCATALOG_COMPILER_APPICON_NAME = AppIcon;
				ASSETCATALOG_COMPILER_LAUNCHIMAGE_NAME = LaunchImage;
				CLANG_ENABLE_MODULES = YES;
				CLANG_ENABLE_OBJC_ARC = YES;
				COPY_PHASE_STRIP = YES;
				FRAMEWORK_SEARCH_PATHS = (
					"$(inherited)",
					"\"SKOApp/Plugins/cordova-plugin-admobpro\"",
				);
				GCC_PRECOMPILE_PREFIX_HEADER = YES;
				GCC_PREFIX_HEADER = "SKOApp/SKOApp-Prefix.pch";
				GCC_THUMB_SUPPORT = NO;
				GCC_VERSION = "";
				INFOPLIST_FILE = "SKOApp/SKOApp-Info.plist";
				LIBRARY_SEARCH_PATHS = (
					"$(inherited)",
					"\"$(SRCROOT)/SKOApp/Plugins/cordova-plugin-extension\"",
					"\"$(SRCROOT)/SKOApp/Plugins/phonegap-plugin-push/GCM/Libraries\"",
					"\"$(SRCROOT)/SKOApp/Plugins/phonegap-plugin-push/GCM/Libraries\"",
					"\"$(SRCROOT)/SKOApp/Plugins/phonegap-plugin-push/GCM/Libraries\"",
					"\"$(SRCROOT)/SKOApp/Plugins/phonegap-plugin-push/GCM/Libraries\"",
					"\"$(SRCROOT)/SKOApp/Plugins/phonegap-plugin-push/GCM/Libraries\"",
					"\"$(SRCROOT)/SKOApp/Plugins/phonegap-plugin-push/GCM/Libraries\"",
					"\"$(SRCROOT)/SKOApp/Plugins/phonegap-plugin-push/GCM/Libraries\"",
					"\"$(SRCROOT)/SKOApp/Plugins/phonegap-plugin-push/GCM/Libraries\"",
					"\"$(SRCROOT)/SKOApp/Plugins/phonegap-plugin-push/GCM/Libraries\"",
					"\"$(SRCROOT)/SKOApp/Plugins/phonegap-plugin-push/GCM/Libraries\"",
					"\"$(SRCROOT)/SKOApp/Plugins/phonegap-plugin-push/GCM/Libraries\"",
					"\"$(SRCROOT)/SKOApp/Plugins/phonegap-plugin-push/GCM/Libraries\"",
					"\"$(SRCROOT)/SKOApp/Plugins/phonegap-plugin-push/GCM/Libraries\"",
					"\"$(SRCROOT)/SKOApp/Plugins/phonegap-plugin-push/GCM/Libraries\"",
					"\"$(SRCROOT)/SKOApp/Plugins/phonegap-plugin-push/GCM/Libraries\"",
					"\"$(SRCROOT)/SKOApp/Plugins/phonegap-plugin-push/GCM/Libraries\"",
					"\"$(SRCROOT)/SKOApp/Plugins/phonegap-plugin-push/GCM/Libraries\"",
					"\"$(SRCROOT)/SKOApp/Plugins/phonegap-plugin-push/GCM/Libraries\"",
					"\"$(SRCROOT)/SKOApp/Plugins/phonegap-plugin-push/GCM/Libraries\"",
					"\"$(SRCROOT)/SKOApp/Plugins/phonegap-plugin-push/GCM/Libraries\"",
					"\"$(SRCROOT)/SKOApp/Plugins/phonegap-plugin-push/GCM/Libraries\"",
					"\"$(SRCROOT)/SKOApp/Plugins/phonegap-plugin-push/GCM/Libraries\"",
					"\"$(SRCROOT)/SKOApp/Plugins/phonegap-plugin-push/GCM/Libraries\"",
					"\"$(SRCROOT)/SKOApp/Plugins/phonegap-plugin-push/GCM/Libraries\"",
					"\"$(SRCROOT)/SKOApp/Plugins/phonegap-plugin-push/GCM/Libraries\"",
					"\"$(SRCROOT)/SKOApp/Plugins/phonegap-plugin-push/GCM/Libraries\"",
				);
				PRODUCT_BUNDLE_IDENTIFIER = com.redhat.SKOApp;
				PRODUCT_NAME = SKOApp;
			};
			name = Release;
		};
		C01FCF4F08A954540054247B /* Debug */ = {
			isa = XCBuildConfiguration;
			baseConfigurationReference = 3047A5111AB8059700498E2A /* build.xcconfig */;
			buildSettings = {
				CLANG_ENABLE_MODULES = YES;
				CLANG_ENABLE_OBJC_ARC = YES;
				CLANG_WARN_BOOL_CONVERSION = YES;
				CLANG_WARN_CONSTANT_CONVERSION = YES;
				CLANG_WARN_EMPTY_BODY = YES;
				CLANG_WARN_ENUM_CONVERSION = YES;
				CLANG_WARN_INT_CONVERSION = YES;
				CLANG_WARN__DUPLICATE_METHOD_MATCH = YES;
				ENABLE_TESTABILITY = YES;
				GCC_C_LANGUAGE_STANDARD = c99;
				GCC_THUMB_SUPPORT = NO;
				GCC_VERSION = "";
				GCC_WARN_ABOUT_RETURN_TYPE = YES;
				GCC_WARN_UNDECLARED_SELECTOR = YES;
				GCC_WARN_UNINITIALIZED_AUTOS = YES;
				GCC_WARN_UNUSED_FUNCTION = YES;
				GCC_WARN_UNUSED_VARIABLE = YES;
				ONLY_ACTIVE_ARCH = YES;
				SDKROOT = iphoneos;
				SKIP_INSTALL = NO;
			};
			name = Debug;
		};
		C01FCF5008A954540054247B /* Release */ = {
			isa = XCBuildConfiguration;
			baseConfigurationReference = 3047A5111AB8059700498E2A /* build.xcconfig */;
			buildSettings = {
				CLANG_ENABLE_MODULES = YES;
				CLANG_ENABLE_OBJC_ARC = YES;
				CLANG_WARN_BOOL_CONVERSION = YES;
				CLANG_WARN_CONSTANT_CONVERSION = YES;
				CLANG_WARN_EMPTY_BODY = YES;
				CLANG_WARN_ENUM_CONVERSION = YES;
				CLANG_WARN_INT_CONVERSION = YES;
				CLANG_WARN__DUPLICATE_METHOD_MATCH = YES;
				GCC_C_LANGUAGE_STANDARD = c99;
				GCC_THUMB_SUPPORT = NO;
				GCC_VERSION = "";
				GCC_WARN_ABOUT_RETURN_TYPE = YES;
				GCC_WARN_UNDECLARED_SELECTOR = YES;
				GCC_WARN_UNINITIALIZED_AUTOS = YES;
				GCC_WARN_UNUSED_FUNCTION = YES;
				GCC_WARN_UNUSED_VARIABLE = YES;
				SDKROOT = iphoneos;
				SKIP_INSTALL = NO;
			};
			name = Release;
		};
/* End XCBuildConfiguration section */

/* Begin XCConfigurationList section */
		1D6058960D05DD3E006BFB54 /* Build configuration list for PBXNativeTarget "SKOApp" */ = {
			isa = XCConfigurationList;
			buildConfigurations = (
				1D6058940D05DD3E006BFB54 /* Debug */,
				1D6058950D05DD3E006BFB54 /* Release */,
			);
			defaultConfigurationIsVisible = 0;
			defaultConfigurationName = Release;
		};
		C01FCF4E08A954540054247B /* Build configuration list for PBXProject "SKOApp" */ = {
			isa = XCConfigurationList;
			buildConfigurations = (
				C01FCF4F08A954540054247B /* Debug */,
				C01FCF5008A954540054247B /* Release */,
			);
			defaultConfigurationIsVisible = 0;
			defaultConfigurationName = Release;
		};
/* End XCConfigurationList section */
	};
	rootObject = 29B97313FDCFA39411CA2CEA /* Project object */;
}
